{
    "version": 3,
    "terraform_version": "0.11.14",
    "serial": 2,
    "lineage": "e43c1295-ff7b-3679-91fe-75479c825811",
    "modules": [
        {
            "path": [
                "root"
            ],
            "outputs": {
                "cluster_name": {
                    "sensitive": false,
                    "type": "string",
                    "value": "d2iq-workshop-fa75"
                },
                "vpc_id": {
                    "sensitive": false,
                    "type": "string",
                    "value": "vpc-02bc3ded61ec19930"
                }
            },
            "resources": {
                "aws_default_route_table.konvoy_router": {
                    "type": "aws_default_route_table",
                    "depends_on": [
                        "aws_vpc.konvoy.*",
                        "local.cluster_name",
                        "local.common_tags"
                    ],
                    "primary": {
                        "id": "rtb-02897713b530db8f1",
                        "attributes": {
                            "default_route_table_id": "rtb-02897713b530db8f1",
                            "id": "rtb-02897713b530db8f1",
                            "owner_id": "398053451782",
                            "propagating_vgws.#": "0",
                            "route.#": "0",
                            "tags.%": "7",
                            "tags.Name": "d2iq-workshop-fa75-router",
                            "tags.expiration": "8h",
                            "tags.konvoy/clusterName": "d2iq-workshop-fa75",
                            "tags.konvoy/version": "v1.4.0",
                            "tags.kubernetes.io/cluster": "d2iq-workshop-fa75",
                            "tags.kubernetes.io/cluster/d2iq-workshop-fa75": "owned",
                            "tags.owner": "StudentWorkshop",
                            "vpc_id": "vpc-02bc3ded61ec19930"
                        },
                        "meta": {},
                        "tainted": false
                    },
                    "deposed": [],
                    "provider": "provider.aws"
                },
                "aws_ebs_volume.control_plane_imagefs.0": {
                    "type": "aws_ebs_volume",
                    "depends_on": [
                        "aws_instance.control_plane.*",
                        "local.cluster_name",
                        "local.common_tags_no_cluster"
                    ],
                    "primary": {
                        "id": "vol-093917f024d8fcc30",
                        "attributes": {
                            "arn": "arn:aws:ec2:us-east-1:398053451782:volume/vol-093917f024d8fcc30",
                            "availability_zone": "us-east-1a",
                            "encrypted": "false",
                            "id": "vol-093917f024d8fcc30",
                            "iops": "480",
                            "kms_key_id": "",
                            "size": "160",
                            "snapshot_id": "",
                            "tags.%": "6",
                            "tags.Name": "d2iq-workshop-fa75-control-plane-volume-imagefs-0",
                            "tags.expiration": "8h",
                            "tags.konvoy/clusterName": "d2iq-workshop-fa75",
                            "tags.konvoy/nodeRoles": "control_plane",
                            "tags.konvoy/version": "v1.4.0",
                            "tags.owner": "StudentWorkshop",
                            "type": "gp2"
                        },
                        "meta": {},
                        "tainted": false
                    },
                    "deposed": [],
                    "provider": "provider.aws"
                },
                "aws_ebs_volume.control_plane_imagefs.1": {
                    "type": "aws_ebs_volume",
                    "depends_on": [
                        "aws_instance.control_plane.*",
                        "local.cluster_name",
                        "local.common_tags_no_cluster"
                    ],
                    "primary": {
                        "id": "vol-06943df535ae9bcfd",
                        "attributes": {
                            "arn": "arn:aws:ec2:us-east-1:398053451782:volume/vol-06943df535ae9bcfd",
                            "availability_zone": "us-east-1b",
                            "encrypted": "false",
                            "id": "vol-06943df535ae9bcfd",
                            "iops": "480",
                            "kms_key_id": "",
                            "size": "160",
                            "snapshot_id": "",
                            "tags.%": "6",
                            "tags.Name": "d2iq-workshop-fa75-control-plane-volume-imagefs-1",
                            "tags.expiration": "8h",
                            "tags.konvoy/clusterName": "d2iq-workshop-fa75",
                            "tags.konvoy/nodeRoles": "control_plane",
                            "tags.konvoy/version": "v1.4.0",
                            "tags.owner": "StudentWorkshop",
                            "type": "gp2"
                        },
                        "meta": {},
                        "tainted": false
                    },
                    "deposed": [],
                    "provider": "provider.aws"
                },
                "aws_ebs_volume.control_plane_imagefs.2": {
                    "type": "aws_ebs_volume",
                    "depends_on": [
                        "aws_instance.control_plane.*",
                        "local.cluster_name",
                        "local.common_tags_no_cluster"
                    ],
                    "primary": {
                        "id": "vol-02c1f93f89247e40d",
                        "attributes": {
                            "arn": "arn:aws:ec2:us-east-1:398053451782:volume/vol-02c1f93f89247e40d",
                            "availability_zone": "us-east-1c",
                            "encrypted": "false",
                            "id": "vol-02c1f93f89247e40d",
                            "iops": "480",
                            "kms_key_id": "",
                            "size": "160",
                            "snapshot_id": "",
                            "tags.%": "6",
                            "tags.Name": "d2iq-workshop-fa75-control-plane-volume-imagefs-2",
                            "tags.expiration": "8h",
                            "tags.konvoy/clusterName": "d2iq-workshop-fa75",
                            "tags.konvoy/nodeRoles": "control_plane",
                            "tags.konvoy/version": "v1.4.0",
                            "tags.owner": "StudentWorkshop",
                            "type": "gp2"
                        },
                        "meta": {},
                        "tainted": false
                    },
                    "deposed": [],
                    "provider": "provider.aws"
                },
                "aws_ebs_volume.worker_pool0_imagefs.0": {
                    "type": "aws_ebs_volume",
                    "depends_on": [
                        "aws_instance.worker_pool0.*",
                        "local.cluster_name",
                        "local.common_tags_no_cluster"
                    ],
                    "primary": {
                        "id": "vol-0959be38f68767727",
                        "attributes": {
                            "arn": "arn:aws:ec2:us-east-1:398053451782:volume/vol-0959be38f68767727",
                            "availability_zone": "us-east-1a",
                            "encrypted": "false",
                            "id": "vol-0959be38f68767727",
                            "iops": "480",
                            "kms_key_id": "",
                            "size": "160",
                            "snapshot_id": "",
                            "tags.%": "6",
                            "tags.Name": "d2iq-workshop-fa75-worker-pool-0-volume-imagefs-0",
                            "tags.expiration": "8h",
                            "tags.konvoy/clusterName": "d2iq-workshop-fa75",
                            "tags.konvoy/nodeRoles": "worker",
                            "tags.konvoy/version": "v1.4.0",
                            "tags.owner": "StudentWorkshop",
                            "type": "gp2"
                        },
                        "meta": {},
                        "tainted": false
                    },
                    "deposed": [],
                    "provider": "provider.aws"
                },
                "aws_ebs_volume.worker_pool0_imagefs.1": {
                    "type": "aws_ebs_volume",
                    "depends_on": [
                        "aws_instance.worker_pool0.*",
                        "local.cluster_name",
                        "local.common_tags_no_cluster"
                    ],
                    "primary": {
                        "id": "vol-0b42ae574ca96555a",
                        "attributes": {
                            "arn": "arn:aws:ec2:us-east-1:398053451782:volume/vol-0b42ae574ca96555a",
                            "availability_zone": "us-east-1b",
                            "encrypted": "false",
                            "id": "vol-0b42ae574ca96555a",
                            "iops": "480",
                            "kms_key_id": "",
                            "size": "160",
                            "snapshot_id": "",
                            "tags.%": "6",
                            "tags.Name": "d2iq-workshop-fa75-worker-pool-0-volume-imagefs-1",
                            "tags.expiration": "8h",
                            "tags.konvoy/clusterName": "d2iq-workshop-fa75",
                            "tags.konvoy/nodeRoles": "worker",
                            "tags.konvoy/version": "v1.4.0",
                            "tags.owner": "StudentWorkshop",
                            "type": "gp2"
                        },
                        "meta": {},
                        "tainted": false
                    },
                    "deposed": [],
                    "provider": "provider.aws"
                },
                "aws_ebs_volume.worker_pool0_imagefs.2": {
                    "type": "aws_ebs_volume",
                    "depends_on": [
                        "aws_instance.worker_pool0.*",
                        "local.cluster_name",
                        "local.common_tags_no_cluster"
                    ],
                    "primary": {
                        "id": "vol-03557a68cde40422f",
                        "attributes": {
                            "arn": "arn:aws:ec2:us-east-1:398053451782:volume/vol-03557a68cde40422f",
                            "availability_zone": "us-east-1c",
                            "encrypted": "false",
                            "id": "vol-03557a68cde40422f",
                            "iops": "480",
                            "kms_key_id": "",
                            "size": "160",
                            "snapshot_id": "",
                            "tags.%": "6",
                            "tags.Name": "d2iq-workshop-fa75-worker-pool-0-volume-imagefs-2",
                            "tags.expiration": "8h",
                            "tags.konvoy/clusterName": "d2iq-workshop-fa75",
                            "tags.konvoy/nodeRoles": "worker",
                            "tags.konvoy/version": "v1.4.0",
                            "tags.owner": "StudentWorkshop",
                            "type": "gp2"
                        },
                        "meta": {},
                        "tainted": false
                    },
                    "deposed": [],
                    "provider": "provider.aws"
                },
                "aws_ebs_volume.worker_pool0_imagefs.3": {
                    "type": "aws_ebs_volume",
                    "depends_on": [
                        "aws_instance.worker_pool0.*",
                        "local.cluster_name",
                        "local.common_tags_no_cluster"
                    ],
                    "primary": {
                        "id": "vol-0ea6c43be99fb0631",
                        "attributes": {
                            "arn": "arn:aws:ec2:us-east-1:398053451782:volume/vol-0ea6c43be99fb0631",
                            "availability_zone": "us-east-1d",
                            "encrypted": "false",
                            "id": "vol-0ea6c43be99fb0631",
                            "iops": "480",
                            "kms_key_id": "",
                            "size": "160",
                            "snapshot_id": "",
                            "tags.%": "6",
                            "tags.Name": "d2iq-workshop-fa75-worker-pool-0-volume-imagefs-3",
                            "tags.expiration": "8h",
                            "tags.konvoy/clusterName": "d2iq-workshop-fa75",
                            "tags.konvoy/nodeRoles": "worker",
                            "tags.konvoy/version": "v1.4.0",
                            "tags.owner": "StudentWorkshop",
                            "type": "gp2"
                        },
                        "meta": {},
                        "tainted": false
                    },
                    "deposed": [],
                    "provider": "provider.aws"
                },
                "aws_elb.konvoy_control_plane": {
                    "type": "aws_elb",
                    "depends_on": [
                        "aws_instance.control_plane.*",
                        "aws_security_group.konvoy_lb_control_plane",
                        "aws_security_group.konvoy_private",
                        "local.cluster_name",
                        "local.common_tags_no_cluster",
                        "local.elb_name",
                        "local.public_subnet_ids"
                    ],
                    "primary": {
                        "id": "d2iq-workshop-fa75-lb-control",
                        "attributes": {
                            "access_logs.#": "0",
                            "arn": "arn:aws:elasticloadbalancing:us-east-1:398053451782:loadbalancer/d2iq-workshop-fa75-lb-control",
                            "availability_zones.#": "5",
                            "availability_zones.1252502072": "us-east-1f",
                            "availability_zones.1305112097": "us-east-1b",
                            "availability_zones.2762590996": "us-east-1d",
                            "availability_zones.3569565595": "us-east-1a",
                            "availability_zones.986537655": "us-east-1c",
                            "connection_draining": "true",
                            "connection_draining_timeout": "300",
                            "cross_zone_load_balancing": "true",
                            "dns_name": "d2iq-workshop-fa75-lb-control-1759962681.us-east-1.elb.amazonaws.com",
                            "health_check.#": "1",
                            "health_check.0.healthy_threshold": "2",
                            "health_check.0.interval": "10",
                            "health_check.0.target": "TCP:6443",
                            "health_check.0.timeout": "3",
                            "health_check.0.unhealthy_threshold": "2",
                            "id": "d2iq-workshop-fa75-lb-control",
                            "idle_timeout": "3600",
                            "instances.#": "3",
                            "instances.264678665": "i-09a8675cd161b5323",
                            "instances.372363041": "i-0724ef503d6ade561",
                            "instances.642541766": "i-0d16a35f9c0d3827b",
                            "internal": "false",
                            "listener.#": "1",
                            "listener.3838681924.instance_port": "6443",
                            "listener.3838681924.instance_protocol": "tcp",
                            "listener.3838681924.lb_port": "6443",
                            "listener.3838681924.lb_protocol": "tcp",
                            "listener.3838681924.ssl_certificate_id": "",
                            "name": "d2iq-workshop-fa75-lb-control",
                            "security_groups.#": "2",
                            "security_groups.2099890660": "sg-0e5cd26d88d738211",
                            "security_groups.2192947863": "sg-02be8edb2aa4e5ac8",
                            "source_security_group": "398053451782/d2iq-workshop-fa75-sg-lb-control",
                            "source_security_group_id": "sg-0e5cd26d88d738211",
                            "subnets.#": "5",
                            "subnets.2081842169": "subnet-057dbc5e08ea13bea",
                            "subnets.3162246257": "subnet-02790a1cfc8b721a9",
                            "subnets.3617676313": "subnet-0c84058aedc970023",
                            "subnets.3678760451": "subnet-02b21e1d0e4242d39",
                            "subnets.85434466": "subnet-003842648d38ec57d",
                            "tags.%": "6",
                            "tags.Name": "d2iq-workshop-fa75-lb-control-plane",
                            "tags.expiration": "8h",
                            "tags.konvoy/clusterName": "d2iq-workshop-fa75",
                            "tags.konvoy/loadBalancer": "control_plane",
                            "tags.konvoy/version": "v1.4.0",
                            "tags.owner": "StudentWorkshop",
                            "zone_id": "Z35SXDOTRQ7X7K"
                        },
                        "meta": {},
                        "tainted": false
                    },
                    "deposed": [],
                    "provider": "provider.aws"
                },
                "aws_iam_instance_profile.node_profile": {
                    "type": "aws_iam_instance_profile",
                    "depends_on": [
                        "aws_iam_role.node_role",
                        "local.node_profile_name"
                    ],
                    "primary": {
                        "id": "d2iq-workshop-fa75-node-profile",
                        "attributes": {
                            "arn": "arn:aws:iam::398053451782:instance-profile/d2iq-workshop-fa75-node-profile",
                            "create_date": "2020-07-08T03:19:22Z",
                            "id": "d2iq-workshop-fa75-node-profile",
                            "name": "d2iq-workshop-fa75-node-profile",
                            "path": "/",
                            "role": "d2iq-workshop-fa75-node-role",
                            "roles.#": "0",
                            "unique_id": "AIPAVZLOVVADDR5VO7EJT"
                        },
                        "meta": {},
                        "tainted": false
                    },
                    "deposed": [],
                    "provider": "provider.aws"
                },
                "aws_iam_role.node_role": {
                    "type": "aws_iam_role",
                    "depends_on": [
                        "local.ec2_service_principal",
                        "local.node_role_name"
                    ],
                    "primary": {
                        "id": "d2iq-workshop-fa75-node-role",
                        "attributes": {
                            "arn": "arn:aws:iam::398053451782:role/d2iq-workshop-fa75-node-role",
                            "assume_role_policy": "{\"Version\":\"2012-10-17\",\"Statement\":[{\"Sid\":\"\",\"Effect\":\"Allow\",\"Principal\":{\"Service\":\"ec2.amazonaws.com\"},\"Action\":\"sts:AssumeRole\"}]}",
                            "create_date": "2020-07-08T03:19:22Z",
                            "description": "",
                            "force_detach_policies": "false",
                            "id": "d2iq-workshop-fa75-node-role",
                            "max_session_duration": "3600",
                            "name": "d2iq-workshop-fa75-node-role",
                            "path": "/",
                            "tags.%": "0",
                            "unique_id": "AROAVZLOVVADHDD3XL2HB"
                        },
                        "meta": {},
                        "tainted": false
                    },
                    "deposed": [],
                    "provider": "provider.aws"
                },
                "aws_iam_role_policy.agent_policy": {
                    "type": "aws_iam_role_policy",
                    "depends_on": [
                        "aws_iam_role.node_role",
                        "local.node_policy_name"
                    ],
                    "primary": {
                        "id": "d2iq-workshop-fa75-node-role:d2iq-workshop-fa75-node-policy",
                        "attributes": {
                            "id": "d2iq-workshop-fa75-node-role:d2iq-workshop-fa75-node-policy",
                            "name": "d2iq-workshop-fa75-node-policy",
                            "policy": "{\n    \"Version\": \"2012-10-17\",\n    \"Statement\": [\n        {\n            \"Sid\": \"KubernetesCloudProvider\",\n            \"Action\": [\n              \"ec2:CreateTags\",\n              \"ec2:DeleteTags\",\n              \"ec2:DescribeTags\",\n              \"ec2:DescribeInstances\",\n              \"ec2:CreateVolume\",\n              \"ec2:DeleteVolume\",\n              \"ec2:AttachVolume\",\n              \"ec2:DetachVolume\",\n              \"ec2:DescribeVolumes\",\n              \"ec2:DescribeVolumeStatus\",\n              \"ec2:DescribeVolumeAttribute\",\n              \"ec2:CreateSnapshot\",\n              \"ec2:CopySnapshot\",\n              \"ec2:DeleteSnapshot\",\n              \"ec2:DescribeSnapshots\",\n              \"ec2:DescribeSnapshotAttribute\",\n              \"ec2:AuthorizeSecurityGroupIngress\",\n              \"ec2:CreateRoute\",\n              \"ec2:CreateSecurityGroup\",\n              \"ec2:DeleteSecurityGroup\",\n              \"ec2:DeleteRoute\",\n              \"ec2:DescribeRouteTables\",\n              \"ec2:DescribeSubnets\",\n              \"ec2:DescribeSecurityGroups\",\n              \"ec2:ModifyInstanceAttribute\",\n              \"ec2:RevokeSecurityGroupIngress\",\n              \"elasticloadbalancing:AttachLoadBalancerToSubnets\",\n              \"elasticloadbalancing:ApplySecurityGroupsToLoadBalancer\",\n              \"elasticloadbalancing:CreateLoadBalancer\",\n              \"elasticloadbalancing:CreateLoadBalancerPolicy\",\n              \"elasticloadbalancing:CreateLoadBalancerListeners\",\n              \"elasticloadbalancing:ConfigureHealthCheck\",\n              \"elasticloadbalancing:DeleteLoadBalancer\",\n              \"elasticloadbalancing:DeleteLoadBalancerListeners\",\n              \"elasticloadbalancing:DescribeLoadBalancers\",\n              \"elasticloadbalancing:DescribeLoadBalancerAttributes\",\n              \"elasticloadbalancing:DetachLoadBalancerFromSubnets\",\n              \"elasticloadbalancing:DeregisterInstancesFromLoadBalancer\",\n              \"elasticloadbalancing:ModifyLoadBalancerAttributes\",\n              \"elasticloadbalancing:RegisterInstancesWithLoadBalancer\",\n              \"elasticloadbalancing:SetLoadBalancerPoliciesForBackendServer\"\n            ],\n            \"Resource\": \"*\",\n            \"Effect\": \"Allow\"\n        }\n    ]\n}\n",
                            "role": "d2iq-workshop-fa75-node-role"
                        },
                        "meta": {},
                        "tainted": false
                    },
                    "deposed": [],
                    "provider": "provider.aws"
                },
                "aws_instance.control_plane.0": {
                    "type": "aws_instance",
                    "depends_on": [
                        "data.aws_availability_zones.available",
                        "data.aws_region.current",
                        "local.cluster_name",
                        "local.common_tags",
                        "local.common_tags_no_cluster",
                        "local.control_plane_instance_profile",
                        "local.control_plane_security_group",
                        "local.control_plane_security_group_with_bastion",
                        "local.control_plane_subnet_ids",
                        "local.default_ami_ids"
                    ],
                    "primary": {
                        "id": "i-09a8675cd161b5323",
                        "attributes": {
                            "ami": "ami-02eac2c0129f6376b",
                            "arn": "arn:aws:ec2:us-east-1:398053451782:instance/i-09a8675cd161b5323",
                            "associate_public_ip_address": "true",
                            "availability_zone": "us-east-1a",
                            "cpu_core_count": "2",
                            "cpu_threads_per_core": "2",
                            "disable_api_termination": "false",
                            "ebs_block_device.#": "0",
                            "ebs_optimized": "false",
                            "ephemeral_block_device.#": "0",
                            "get_password_data": "false",
                            "hibernation": "false",
                            "iam_instance_profile": "d2iq-workshop-fa75-node-profile",
                            "id": "i-09a8675cd161b5323",
                            "instance_state": "running",
                            "instance_type": "m5.xlarge",
                            "ipv6_address_count": "0",
                            "ipv6_addresses.#": "0",
                            "key_name": "d2iq-workshop-fa75",
                            "monitoring": "false",
                            "network_interface.#": "0",
                            "password_data": "",
                            "placement_group": "",
                            "primary_network_interface_id": "eni-092bbd35f55aeadf9",
                            "private_dns": "ip-10-0-193-240.ec2.internal",
                            "private_ip": "10.0.193.240",
                            "public_dns": "ec2-54-225-60-39.compute-1.amazonaws.com",
                            "public_ip": "54.225.60.39",
                            "root_block_device.#": "1",
                            "root_block_device.0.delete_on_termination": "true",
                            "root_block_device.0.encrypted": "false",
                            "root_block_device.0.iops": "1000",
                            "root_block_device.0.kms_key_id": "",
                            "root_block_device.0.volume_id": "vol-005fe0955a488fe40",
                            "root_block_device.0.volume_size": "80",
                            "root_block_device.0.volume_type": "io1",
                            "security_groups.#": "0",
                            "source_dest_check": "false",
                            "subnet_id": "subnet-060f00581dafab067",
                            "tags.%": "8",
                            "tags.Name": "d2iq-workshop-fa75-control-plane-0",
                            "tags.expiration": "8h",
                            "tags.konvoy/clusterName": "d2iq-workshop-fa75",
                            "tags.konvoy/nodeRoles": "control_plane",
                            "tags.konvoy/version": "v1.4.0",
                            "tags.kubernetes.io/cluster": "d2iq-workshop-fa75",
                            "tags.kubernetes.io/cluster/d2iq-workshop-fa75": "owned",
                            "tags.owner": "StudentWorkshop",
                            "tenancy": "default",
                            "volume_tags.%": "5",
                            "volume_tags.expiration": "8h",
                            "volume_tags.konvoy/clusterName": "d2iq-workshop-fa75",
                            "volume_tags.konvoy/nodeRoles": "control_plane",
                            "volume_tags.konvoy/version": "v1.4.0",
                            "volume_tags.owner": "StudentWorkshop",
                            "vpc_security_group_ids.#": "3",
                            "vpc_security_group_ids.2027257964": "sg-0da4297ce109e6768",
                            "vpc_security_group_ids.2192947863": "sg-02be8edb2aa4e5ac8",
                            "vpc_security_group_ids.2754662363": "sg-084e5ab3a03919e78"
                        },
                        "meta": {
                            "e2bfb730-ecaa-11e6-8f88-34363bc7c4c0": {
                                "create": 600000000000,
                                "delete": 1200000000000,
                                "update": 600000000000
                            },
                            "schema_version": "1"
                        },
                        "tainted": false
                    },
                    "deposed": [],
                    "provider": "provider.aws"
                },
                "aws_instance.control_plane.1": {
                    "type": "aws_instance",
                    "depends_on": [
                        "data.aws_availability_zones.available",
                        "data.aws_region.current",
                        "local.cluster_name",
                        "local.common_tags",
                        "local.common_tags_no_cluster",
                        "local.control_plane_instance_profile",
                        "local.control_plane_security_group",
                        "local.control_plane_security_group_with_bastion",
                        "local.control_plane_subnet_ids",
                        "local.default_ami_ids"
                    ],
                    "primary": {
                        "id": "i-0724ef503d6ade561",
                        "attributes": {
                            "ami": "ami-02eac2c0129f6376b",
                            "arn": "arn:aws:ec2:us-east-1:398053451782:instance/i-0724ef503d6ade561",
                            "associate_public_ip_address": "true",
                            "availability_zone": "us-east-1b",
                            "cpu_core_count": "2",
                            "cpu_threads_per_core": "2",
                            "disable_api_termination": "false",
                            "ebs_block_device.#": "0",
                            "ebs_optimized": "false",
                            "ephemeral_block_device.#": "0",
                            "get_password_data": "false",
                            "hibernation": "false",
                            "iam_instance_profile": "d2iq-workshop-fa75-node-profile",
                            "id": "i-0724ef503d6ade561",
                            "instance_state": "running",
                            "instance_type": "m5.xlarge",
                            "ipv6_address_count": "0",
                            "ipv6_addresses.#": "0",
                            "key_name": "d2iq-workshop-fa75",
                            "monitoring": "false",
                            "network_interface.#": "0",
                            "password_data": "",
                            "placement_group": "",
                            "primary_network_interface_id": "eni-0e77befe5c284d5f7",
                            "private_dns": "ip-10-0-198-182.ec2.internal",
                            "private_ip": "10.0.198.182",
                            "public_dns": "ec2-34-234-223-36.compute-1.amazonaws.com",
                            "public_ip": "34.234.223.36",
                            "root_block_device.#": "1",
                            "root_block_device.0.delete_on_termination": "true",
                            "root_block_device.0.encrypted": "false",
                            "root_block_device.0.iops": "1000",
                            "root_block_device.0.kms_key_id": "",
                            "root_block_device.0.volume_id": "vol-06f5f4d110c6ee089",
                            "root_block_device.0.volume_size": "80",
                            "root_block_device.0.volume_type": "io1",
                            "security_groups.#": "0",
                            "source_dest_check": "false",
                            "subnet_id": "subnet-0841f1aab40543032",
                            "tags.%": "8",
                            "tags.Name": "d2iq-workshop-fa75-control-plane-1",
                            "tags.expiration": "8h",
                            "tags.konvoy/clusterName": "d2iq-workshop-fa75",
                            "tags.konvoy/nodeRoles": "control_plane",
                            "tags.konvoy/version": "v1.4.0",
                            "tags.kubernetes.io/cluster": "d2iq-workshop-fa75",
                            "tags.kubernetes.io/cluster/d2iq-workshop-fa75": "owned",
                            "tags.owner": "StudentWorkshop",
                            "tenancy": "default",
                            "volume_tags.%": "5",
                            "volume_tags.expiration": "8h",
                            "volume_tags.konvoy/clusterName": "d2iq-workshop-fa75",
                            "volume_tags.konvoy/nodeRoles": "control_plane",
                            "volume_tags.konvoy/version": "v1.4.0",
                            "volume_tags.owner": "StudentWorkshop",
                            "vpc_security_group_ids.#": "3",
                            "vpc_security_group_ids.2027257964": "sg-0da4297ce109e6768",
                            "vpc_security_group_ids.2192947863": "sg-02be8edb2aa4e5ac8",
                            "vpc_security_group_ids.2754662363": "sg-084e5ab3a03919e78"
                        },
                        "meta": {
                            "e2bfb730-ecaa-11e6-8f88-34363bc7c4c0": {
                                "create": 600000000000,
                                "delete": 1200000000000,
                                "update": 600000000000
                            },
                            "schema_version": "1"
                        },
                        "tainted": false
                    },
                    "deposed": [],
                    "provider": "provider.aws"
                },
                "aws_instance.control_plane.2": {
                    "type": "aws_instance",
                    "depends_on": [
                        "data.aws_availability_zones.available",
                        "data.aws_region.current",
                        "local.cluster_name",
                        "local.common_tags",
                        "local.common_tags_no_cluster",
                        "local.control_plane_instance_profile",
                        "local.control_plane_security_group",
                        "local.control_plane_security_group_with_bastion",
                        "local.control_plane_subnet_ids",
                        "local.default_ami_ids"
                    ],
                    "primary": {
                        "id": "i-0d16a35f9c0d3827b",
                        "attributes": {
                            "ami": "ami-02eac2c0129f6376b",
                            "arn": "arn:aws:ec2:us-east-1:398053451782:instance/i-0d16a35f9c0d3827b",
                            "associate_public_ip_address": "true",
                            "availability_zone": "us-east-1c",
                            "cpu_core_count": "2",
                            "cpu_threads_per_core": "2",
                            "disable_api_termination": "false",
                            "ebs_block_device.#": "0",
                            "ebs_optimized": "false",
                            "ephemeral_block_device.#": "0",
                            "get_password_data": "false",
                            "hibernation": "false",
                            "iam_instance_profile": "d2iq-workshop-fa75-node-profile",
                            "id": "i-0d16a35f9c0d3827b",
                            "instance_state": "running",
                            "instance_type": "m5.xlarge",
                            "ipv6_address_count": "0",
                            "ipv6_addresses.#": "0",
                            "key_name": "d2iq-workshop-fa75",
                            "monitoring": "false",
                            "network_interface.#": "0",
                            "password_data": "",
                            "placement_group": "",
                            "primary_network_interface_id": "eni-0f2b25128754843dc",
                            "private_dns": "ip-10-0-202-203.ec2.internal",
                            "private_ip": "10.0.202.203",
                            "public_dns": "ec2-3-88-203-216.compute-1.amazonaws.com",
                            "public_ip": "3.88.203.216",
                            "root_block_device.#": "1",
                            "root_block_device.0.delete_on_termination": "true",
                            "root_block_device.0.encrypted": "false",
                            "root_block_device.0.iops": "1000",
                            "root_block_device.0.kms_key_id": "",
                            "root_block_device.0.volume_id": "vol-008f3cad343c200e8",
                            "root_block_device.0.volume_size": "80",
                            "root_block_device.0.volume_type": "io1",
                            "security_groups.#": "0",
                            "source_dest_check": "false",
                            "subnet_id": "subnet-0d8d7f01a2311e092",
                            "tags.%": "8",
                            "tags.Name": "d2iq-workshop-fa75-control-plane-2",
                            "tags.expiration": "8h",
                            "tags.konvoy/clusterName": "d2iq-workshop-fa75",
                            "tags.konvoy/nodeRoles": "control_plane",
                            "tags.konvoy/version": "v1.4.0",
                            "tags.kubernetes.io/cluster": "d2iq-workshop-fa75",
                            "tags.kubernetes.io/cluster/d2iq-workshop-fa75": "owned",
                            "tags.owner": "StudentWorkshop",
                            "tenancy": "default",
                            "volume_tags.%": "5",
                            "volume_tags.expiration": "8h",
                            "volume_tags.konvoy/clusterName": "d2iq-workshop-fa75",
                            "volume_tags.konvoy/nodeRoles": "control_plane",
                            "volume_tags.konvoy/version": "v1.4.0",
                            "volume_tags.owner": "StudentWorkshop",
                            "vpc_security_group_ids.#": "3",
                            "vpc_security_group_ids.2027257964": "sg-0da4297ce109e6768",
                            "vpc_security_group_ids.2192947863": "sg-02be8edb2aa4e5ac8",
                            "vpc_security_group_ids.2754662363": "sg-084e5ab3a03919e78"
                        },
                        "meta": {
                            "e2bfb730-ecaa-11e6-8f88-34363bc7c4c0": {
                                "create": 600000000000,
                                "delete": 1200000000000,
                                "update": 600000000000
                            },
                            "schema_version": "1"
                        },
                        "tainted": false
                    },
                    "deposed": [],
                    "provider": "provider.aws"
                },
                "aws_instance.worker_pool0.0": {
                    "type": "aws_instance",
                    "depends_on": [
                        "data.aws_availability_zones.available",
                        "data.aws_region.current",
                        "local.cluster_name",
                        "local.common_tags",
                        "local.common_tags_no_cluster",
                        "local.default_ami_ids",
                        "local.worker0_instance_profile",
                        "local.worker0_subnet_ids",
                        "local.worker_security_group",
                        "local.worker_security_group_with_bastion"
                    ],
                    "primary": {
                        "id": "i-04daa821cdd6b5287",
                        "attributes": {
                            "ami": "ami-02eac2c0129f6376b",
                            "arn": "arn:aws:ec2:us-east-1:398053451782:instance/i-04daa821cdd6b5287",
                            "associate_public_ip_address": "true",
                            "availability_zone": "us-east-1a",
                            "cpu_core_count": "4",
                            "cpu_threads_per_core": "2",
                            "disable_api_termination": "false",
                            "ebs_block_device.#": "0",
                            "ebs_optimized": "false",
                            "ephemeral_block_device.#": "0",
                            "get_password_data": "false",
                            "hibernation": "false",
                            "iam_instance_profile": "d2iq-workshop-fa75-node-profile",
                            "id": "i-04daa821cdd6b5287",
                            "instance_state": "running",
                            "instance_type": "m5.2xlarge",
                            "ipv6_address_count": "0",
                            "ipv6_addresses.#": "0",
                            "key_name": "d2iq-workshop-fa75",
                            "monitoring": "false",
                            "network_interface.#": "0",
                            "password_data": "",
                            "placement_group": "",
                            "primary_network_interface_id": "eni-09f889a0413c97e21",
                            "private_dns": "ip-10-0-128-115.ec2.internal",
                            "private_ip": "10.0.128.115",
                            "public_dns": "ec2-54-211-252-149.compute-1.amazonaws.com",
                            "public_ip": "54.211.252.149",
                            "root_block_device.#": "1",
                            "root_block_device.0.delete_on_termination": "true",
                            "root_block_device.0.encrypted": "false",
                            "root_block_device.0.iops": "240",
                            "root_block_device.0.kms_key_id": "",
                            "root_block_device.0.volume_id": "vol-0335d07dfab6c8992",
                            "root_block_device.0.volume_size": "80",
                            "root_block_device.0.volume_type": "gp2",
                            "security_groups.#": "0",
                            "source_dest_check": "false",
                            "subnet_id": "subnet-0175184cc99375bae",
                            "tags.%": "8",
                            "tags.Name": "d2iq-workshop-fa75-worker-0",
                            "tags.expiration": "8h",
                            "tags.konvoy/clusterName": "d2iq-workshop-fa75",
                            "tags.konvoy/nodeRoles": "worker",
                            "tags.konvoy/version": "v1.4.0",
                            "tags.kubernetes.io/cluster": "d2iq-workshop-fa75",
                            "tags.kubernetes.io/cluster/d2iq-workshop-fa75": "owned",
                            "tags.owner": "StudentWorkshop",
                            "tenancy": "default",
                            "volume_tags.%": "5",
                            "volume_tags.expiration": "8h",
                            "volume_tags.konvoy/clusterName": "d2iq-workshop-fa75",
                            "volume_tags.konvoy/nodeRoles": "worker",
                            "volume_tags.konvoy/version": "v1.4.0",
                            "volume_tags.owner": "StudentWorkshop",
                            "vpc_security_group_ids.#": "3",
                            "vpc_security_group_ids.2027257964": "sg-0da4297ce109e6768",
                            "vpc_security_group_ids.2192947863": "sg-02be8edb2aa4e5ac8",
                            "vpc_security_group_ids.2754662363": "sg-084e5ab3a03919e78"
                        },
                        "meta": {
                            "e2bfb730-ecaa-11e6-8f88-34363bc7c4c0": {
                                "create": 600000000000,
                                "delete": 1200000000000,
                                "update": 600000000000
                            },
                            "schema_version": "1"
                        },
                        "tainted": false
                    },
                    "deposed": [],
                    "provider": "provider.aws"
                },
                "aws_instance.worker_pool0.1": {
                    "type": "aws_instance",
                    "depends_on": [
                        "data.aws_availability_zones.available",
                        "data.aws_region.current",
                        "local.cluster_name",
                        "local.common_tags",
                        "local.common_tags_no_cluster",
                        "local.default_ami_ids",
                        "local.worker0_instance_profile",
                        "local.worker0_subnet_ids",
                        "local.worker_security_group",
                        "local.worker_security_group_with_bastion"
                    ],
                    "primary": {
                        "id": "i-05332c852ead24d1b",
                        "attributes": {
                            "ami": "ami-02eac2c0129f6376b",
                            "arn": "arn:aws:ec2:us-east-1:398053451782:instance/i-05332c852ead24d1b",
                            "associate_public_ip_address": "true",
                            "availability_zone": "us-east-1b",
                            "cpu_core_count": "4",
                            "cpu_threads_per_core": "2",
                            "disable_api_termination": "false",
                            "ebs_block_device.#": "0",
                            "ebs_optimized": "false",
                            "ephemeral_block_device.#": "0",
                            "get_password_data": "false",
                            "hibernation": "false",
                            "iam_instance_profile": "d2iq-workshop-fa75-node-profile",
                            "id": "i-05332c852ead24d1b",
                            "instance_state": "running",
                            "instance_type": "m5.2xlarge",
                            "ipv6_address_count": "0",
                            "ipv6_addresses.#": "0",
                            "key_name": "d2iq-workshop-fa75",
                            "monitoring": "false",
                            "network_interface.#": "0",
                            "password_data": "",
                            "placement_group": "",
                            "primary_network_interface_id": "eni-0f0ebf489d1152a07",
                            "private_dns": "ip-10-0-134-193.ec2.internal",
                            "private_ip": "10.0.134.193",
                            "public_dns": "ec2-35-170-66-220.compute-1.amazonaws.com",
                            "public_ip": "35.170.66.220",
                            "root_block_device.#": "1",
                            "root_block_device.0.delete_on_termination": "true",
                            "root_block_device.0.encrypted": "false",
                            "root_block_device.0.iops": "240",
                            "root_block_device.0.kms_key_id": "",
                            "root_block_device.0.volume_id": "vol-0619fe47022eb739a",
                            "root_block_device.0.volume_size": "80",
                            "root_block_device.0.volume_type": "gp2",
                            "security_groups.#": "0",
                            "source_dest_check": "false",
                            "subnet_id": "subnet-0fef32e7031b4a8a7",
                            "tags.%": "8",
                            "tags.Name": "d2iq-workshop-fa75-worker-1",
                            "tags.expiration": "8h",
                            "tags.konvoy/clusterName": "d2iq-workshop-fa75",
                            "tags.konvoy/nodeRoles": "worker",
                            "tags.konvoy/version": "v1.4.0",
                            "tags.kubernetes.io/cluster": "d2iq-workshop-fa75",
                            "tags.kubernetes.io/cluster/d2iq-workshop-fa75": "owned",
                            "tags.owner": "StudentWorkshop",
                            "tenancy": "default",
                            "volume_tags.%": "5",
                            "volume_tags.expiration": "8h",
                            "volume_tags.konvoy/clusterName": "d2iq-workshop-fa75",
                            "volume_tags.konvoy/nodeRoles": "worker",
                            "volume_tags.konvoy/version": "v1.4.0",
                            "volume_tags.owner": "StudentWorkshop",
                            "vpc_security_group_ids.#": "3",
                            "vpc_security_group_ids.2027257964": "sg-0da4297ce109e6768",
                            "vpc_security_group_ids.2192947863": "sg-02be8edb2aa4e5ac8",
                            "vpc_security_group_ids.2754662363": "sg-084e5ab3a03919e78"
                        },
                        "meta": {
                            "e2bfb730-ecaa-11e6-8f88-34363bc7c4c0": {
                                "create": 600000000000,
                                "delete": 1200000000000,
                                "update": 600000000000
                            },
                            "schema_version": "1"
                        },
                        "tainted": false
                    },
                    "deposed": [],
                    "provider": "provider.aws"
                },
                "aws_instance.worker_pool0.2": {
                    "type": "aws_instance",
                    "depends_on": [
                        "data.aws_availability_zones.available",
                        "data.aws_region.current",
                        "local.cluster_name",
                        "local.common_tags",
                        "local.common_tags_no_cluster",
                        "local.default_ami_ids",
                        "local.worker0_instance_profile",
                        "local.worker0_subnet_ids",
                        "local.worker_security_group",
                        "local.worker_security_group_with_bastion"
                    ],
                    "primary": {
                        "id": "i-085880afc0f947339",
                        "attributes": {
                            "ami": "ami-02eac2c0129f6376b",
                            "arn": "arn:aws:ec2:us-east-1:398053451782:instance/i-085880afc0f947339",
                            "associate_public_ip_address": "true",
                            "availability_zone": "us-east-1c",
                            "cpu_core_count": "4",
                            "cpu_threads_per_core": "2",
                            "disable_api_termination": "false",
                            "ebs_block_device.#": "0",
                            "ebs_optimized": "false",
                            "ephemeral_block_device.#": "0",
                            "get_password_data": "false",
                            "hibernation": "false",
                            "iam_instance_profile": "d2iq-workshop-fa75-node-profile",
                            "id": "i-085880afc0f947339",
                            "instance_state": "running",
                            "instance_type": "m5.2xlarge",
                            "ipv6_address_count": "0",
                            "ipv6_addresses.#": "0",
                            "key_name": "d2iq-workshop-fa75",
                            "monitoring": "false",
                            "network_interface.#": "0",
                            "password_data": "",
                            "placement_group": "",
                            "primary_network_interface_id": "eni-0d66639a56062a23a",
                            "private_dns": "ip-10-0-136-223.ec2.internal",
                            "private_ip": "10.0.136.223",
                            "public_dns": "ec2-3-84-2-141.compute-1.amazonaws.com",
                            "public_ip": "3.84.2.141",
                            "root_block_device.#": "1",
                            "root_block_device.0.delete_on_termination": "true",
                            "root_block_device.0.encrypted": "false",
                            "root_block_device.0.iops": "240",
                            "root_block_device.0.kms_key_id": "",
                            "root_block_device.0.volume_id": "vol-0b5104fa5890a6685",
                            "root_block_device.0.volume_size": "80",
                            "root_block_device.0.volume_type": "gp2",
                            "security_groups.#": "0",
                            "source_dest_check": "false",
                            "subnet_id": "subnet-0a29a1cdc1191c01d",
                            "tags.%": "8",
                            "tags.Name": "d2iq-workshop-fa75-worker-2",
                            "tags.expiration": "8h",
                            "tags.konvoy/clusterName": "d2iq-workshop-fa75",
                            "tags.konvoy/nodeRoles": "worker",
                            "tags.konvoy/version": "v1.4.0",
                            "tags.kubernetes.io/cluster": "d2iq-workshop-fa75",
                            "tags.kubernetes.io/cluster/d2iq-workshop-fa75": "owned",
                            "tags.owner": "StudentWorkshop",
                            "tenancy": "default",
                            "volume_tags.%": "5",
                            "volume_tags.expiration": "8h",
                            "volume_tags.konvoy/clusterName": "d2iq-workshop-fa75",
                            "volume_tags.konvoy/nodeRoles": "worker",
                            "volume_tags.konvoy/version": "v1.4.0",
                            "volume_tags.owner": "StudentWorkshop",
                            "vpc_security_group_ids.#": "3",
                            "vpc_security_group_ids.2027257964": "sg-0da4297ce109e6768",
                            "vpc_security_group_ids.2192947863": "sg-02be8edb2aa4e5ac8",
                            "vpc_security_group_ids.2754662363": "sg-084e5ab3a03919e78"
                        },
                        "meta": {
                            "e2bfb730-ecaa-11e6-8f88-34363bc7c4c0": {
                                "create": 600000000000,
                                "delete": 1200000000000,
                                "update": 600000000000
                            },
                            "schema_version": "1"
                        },
                        "tainted": false
                    },
                    "deposed": [],
                    "provider": "provider.aws"
                },
                "aws_instance.worker_pool0.3": {
                    "type": "aws_instance",
                    "depends_on": [
                        "data.aws_availability_zones.available",
                        "data.aws_region.current",
                        "local.cluster_name",
                        "local.common_tags",
                        "local.common_tags_no_cluster",
                        "local.default_ami_ids",
                        "local.worker0_instance_profile",
                        "local.worker0_subnet_ids",
                        "local.worker_security_group",
                        "local.worker_security_group_with_bastion"
                    ],
                    "primary": {
                        "id": "i-0d97414e59ff6ac03",
                        "attributes": {
                            "ami": "ami-02eac2c0129f6376b",
                            "arn": "arn:aws:ec2:us-east-1:398053451782:instance/i-0d97414e59ff6ac03",
                            "associate_public_ip_address": "true",
                            "availability_zone": "us-east-1d",
                            "cpu_core_count": "4",
                            "cpu_threads_per_core": "2",
                            "disable_api_termination": "false",
                            "ebs_block_device.#": "0",
                            "ebs_optimized": "false",
                            "ephemeral_block_device.#": "0",
                            "get_password_data": "false",
                            "hibernation": "false",
                            "iam_instance_profile": "d2iq-workshop-fa75-node-profile",
                            "id": "i-0d97414e59ff6ac03",
                            "instance_state": "running",
                            "instance_type": "m5.2xlarge",
                            "ipv6_address_count": "0",
                            "ipv6_addresses.#": "0",
                            "key_name": "d2iq-workshop-fa75",
                            "monitoring": "false",
                            "network_interface.#": "0",
                            "password_data": "",
                            "placement_group": "",
                            "primary_network_interface_id": "eni-081ba04b6f8ef1080",
                            "private_dns": "ip-10-0-142-250.ec2.internal",
                            "private_ip": "10.0.142.250",
                            "public_dns": "ec2-3-88-212-5.compute-1.amazonaws.com",
                            "public_ip": "3.88.212.5",
                            "root_block_device.#": "1",
                            "root_block_device.0.delete_on_termination": "true",
                            "root_block_device.0.encrypted": "false",
                            "root_block_device.0.iops": "240",
                            "root_block_device.0.kms_key_id": "",
                            "root_block_device.0.volume_id": "vol-010476ee117a4692e",
                            "root_block_device.0.volume_size": "80",
                            "root_block_device.0.volume_type": "gp2",
                            "security_groups.#": "0",
                            "source_dest_check": "false",
                            "subnet_id": "subnet-087ed3d6572443236",
                            "tags.%": "8",
                            "tags.Name": "d2iq-workshop-fa75-worker-3",
                            "tags.expiration": "8h",
                            "tags.konvoy/clusterName": "d2iq-workshop-fa75",
                            "tags.konvoy/nodeRoles": "worker",
                            "tags.konvoy/version": "v1.4.0",
                            "tags.kubernetes.io/cluster": "d2iq-workshop-fa75",
                            "tags.kubernetes.io/cluster/d2iq-workshop-fa75": "owned",
                            "tags.owner": "StudentWorkshop",
                            "tenancy": "default",
                            "volume_tags.%": "5",
                            "volume_tags.expiration": "8h",
                            "volume_tags.konvoy/clusterName": "d2iq-workshop-fa75",
                            "volume_tags.konvoy/nodeRoles": "worker",
                            "volume_tags.konvoy/version": "v1.4.0",
                            "volume_tags.owner": "StudentWorkshop",
                            "vpc_security_group_ids.#": "3",
                            "vpc_security_group_ids.2027257964": "sg-0da4297ce109e6768",
                            "vpc_security_group_ids.2192947863": "sg-02be8edb2aa4e5ac8",
                            "vpc_security_group_ids.2754662363": "sg-084e5ab3a03919e78"
                        },
                        "meta": {
                            "e2bfb730-ecaa-11e6-8f88-34363bc7c4c0": {
                                "create": 600000000000,
                                "delete": 1200000000000,
                                "update": 600000000000
                            },
                            "schema_version": "1"
                        },
                        "tainted": false
                    },
                    "deposed": [],
                    "provider": "provider.aws"
                },
                "aws_internet_gateway.konvoy_gateway": {
                    "type": "aws_internet_gateway",
                    "depends_on": [
                        "local.cluster_name",
                        "local.common_tags",
                        "local.vpc_id"
                    ],
                    "primary": {
                        "id": "igw-0853ca9ab2375e185",
                        "attributes": {
                            "id": "igw-0853ca9ab2375e185",
                            "owner_id": "398053451782",
                            "tags.%": "7",
                            "tags.Name": "d2iq-workshop-fa75-gateway",
                            "tags.expiration": "8h",
                            "tags.konvoy/clusterName": "d2iq-workshop-fa75",
                            "tags.konvoy/version": "v1.4.0",
                            "tags.kubernetes.io/cluster": "d2iq-workshop-fa75",
                            "tags.kubernetes.io/cluster/d2iq-workshop-fa75": "owned",
                            "tags.owner": "StudentWorkshop",
                            "vpc_id": "vpc-02bc3ded61ec19930"
                        },
                        "meta": {},
                        "tainted": false
                    },
                    "deposed": [],
                    "provider": "provider.aws"
                },
                "aws_key_pair.konvoy": {
                    "type": "aws_key_pair",
                    "depends_on": [
                        "local.cluster_name"
                    ],
                    "primary": {
                        "id": "d2iq-workshop-fa75",
                        "attributes": {
                            "fingerprint": "ae:9c:14:09:7a:f3:af:51:f1:e0:b3:06:ce:b4:16:37",
                            "id": "d2iq-workshop-fa75",
                            "key_name": "d2iq-workshop-fa75",
                            "key_pair_id": "key-0bf6933a278b19816",
                            "public_key": "ssh-rsa AAAAB3NzaC1yc2EAAAADAQABAAACAQC0bxjirnm9VFhL3bQEeheYBJhP+srGO6UbEFclN+6t/rVMVur27lCSqOjyu3WL7Jf+SmN61alr4tHtOXZIvkpTKY3n3KZscqyGHDTWvjoYIVsvhyszccqULJrWZSO6MlM9K0kFpBPAIV2gLMwn2bheLclnM8xwfASyxQTMNwJckFSkEdA/iI60+OANs/TJ1iSYXuaav9eFbUz/qYfuW7v1w5s2PF4loZVluDHxiNt34UFoYlmL9HO7uY0Gq/9Mu8veuXeS2dBTViuBhdW9V9wsv7yEF5O7sNsGMflFUVodGWt2yXX3x9BKtMlPZjwd9WEBqNOfiJ2eBS6Evg1KwemTu4lHACBPP7K4o4PiS5n/AuV0zMDNnCD/aIbfAQYJSeePqPuVLkuPc/piPG0yq7uK+NPzvIJB4RZ44LKN6sne+mpBhcF39ckw1dj22fo+W48esFIoKc6fdD6wQOYeqchlLLHHVfZH1GXZoIC2Am+Lj1qZQWUTL6xOXf+ocxioz6v0yeMziVssy0CfTMO4Bjn9EHjGfMWGq0M3gIunSqIjZZgUuXeGF+loWRdrFFJw25Z8/0asRDqib59MD1XfcX2ReMH1rO+4zk2zFyTypzNehfqZHay49O+E97Irq3vBW8KBy1a1r10Q/C7n5MCGENtj077jFkW9hm7IJ2mtYQtI6w==",
                            "tags.%": "0"
                        },
                        "meta": {
                            "schema_version": "1"
                        },
                        "tainted": false
                    },
                    "deposed": [],
                    "provider": "provider.aws"
                },
                "aws_route.konvoy_gateway_route": {
                    "type": "aws_route",
                    "depends_on": [
                        "aws_internet_gateway.konvoy_gateway.*",
                        "aws_vpc.konvoy.*"
                    ],
                    "primary": {
                        "id": "r-rtb-02897713b530db8f11080289494",
                        "attributes": {
                            "destination_cidr_block": "0.0.0.0/0",
                            "destination_prefix_list_id": "",
                            "egress_only_gateway_id": "",
                            "gateway_id": "igw-0853ca9ab2375e185",
                            "id": "r-rtb-02897713b530db8f11080289494",
                            "instance_id": "",
                            "instance_owner_id": "",
                            "nat_gateway_id": "",
                            "network_interface_id": "",
                            "origin": "CreateRoute",
                            "route_table_id": "rtb-02897713b530db8f1",
                            "state": "active",
                            "transit_gateway_id": "",
                            "vpc_peering_connection_id": ""
                        },
                        "meta": {
                            "e2bfb730-ecaa-11e6-8f88-34363bc7c4c0": {
                                "create": 120000000000,
                                "delete": 300000000000
                            }
                        },
                        "tainted": false
                    },
                    "deposed": [],
                    "provider": "provider.aws"
                },
                "aws_security_group.konvoy_egress": {
                    "type": "aws_security_group",
                    "depends_on": [
                        "local.cluster_name",
                        "local.common_tags_no_cluster",
                        "local.sg_egress_name",
                        "local.vpc_id"
                    ],
                    "primary": {
                        "id": "sg-0da4297ce109e6768",
                        "attributes": {
                            "arn": "arn:aws:ec2:us-east-1:398053451782:security-group/sg-0da4297ce109e6768",
                            "description": "Allow all egress communication.",
                            "egress.#": "1",
                            "egress.482069346.cidr_blocks.#": "1",
                            "egress.482069346.cidr_blocks.0": "0.0.0.0/0",
                            "egress.482069346.description": "",
                            "egress.482069346.from_port": "0",
                            "egress.482069346.ipv6_cidr_blocks.#": "0",
                            "egress.482069346.prefix_list_ids.#": "0",
                            "egress.482069346.protocol": "-1",
                            "egress.482069346.security_groups.#": "0",
                            "egress.482069346.self": "false",
                            "egress.482069346.to_port": "0",
                            "id": "sg-0da4297ce109e6768",
                            "ingress.#": "0",
                            "name": "d2iq-workshop-fa75-sg-egress",
                            "owner_id": "398053451782",
                            "revoke_rules_on_delete": "false",
                            "tags.%": "6",
                            "tags.Name": "d2iq-workshop-fa75-securitygroup-egress",
                            "tags.expiration": "8h",
                            "tags.konvoy/clusterName": "d2iq-workshop-fa75",
                            "tags.konvoy/securityGroup": "egress",
                            "tags.konvoy/version": "v1.4.0",
                            "tags.owner": "StudentWorkshop",
                            "vpc_id": "vpc-02bc3ded61ec19930"
                        },
                        "meta": {
                            "e2bfb730-ecaa-11e6-8f88-34363bc7c4c0": {
                                "create": 600000000000,
                                "delete": 600000000000
                            },
                            "schema_version": "1"
                        },
                        "tainted": false
                    },
                    "deposed": [],
                    "provider": "provider.aws"
                },
                "aws_security_group.konvoy_lb_control_plane": {
                    "type": "aws_security_group",
                    "depends_on": [
                        "local.cluster_name",
                        "local.common_tags_no_cluster",
                        "local.sg_control_plane_name",
                        "local.vpc_id"
                    ],
                    "primary": {
                        "id": "sg-0e5cd26d88d738211",
                        "attributes": {
                            "arn": "arn:aws:ec2:us-east-1:398053451782:security-group/sg-0e5cd26d88d738211",
                            "description": "Allow inbound on 6443 for kube-apiserver load balancer.",
                            "egress.#": "0",
                            "id": "sg-0e5cd26d88d738211",
                            "ingress.#": "1",
                            "ingress.1463360607.cidr_blocks.#": "1",
                            "ingress.1463360607.cidr_blocks.0": "0.0.0.0/0",
                            "ingress.1463360607.description": "",
                            "ingress.1463360607.from_port": "6443",
                            "ingress.1463360607.ipv6_cidr_blocks.#": "0",
                            "ingress.1463360607.prefix_list_ids.#": "0",
                            "ingress.1463360607.protocol": "tcp",
                            "ingress.1463360607.security_groups.#": "0",
                            "ingress.1463360607.self": "false",
                            "ingress.1463360607.to_port": "6443",
                            "name": "d2iq-workshop-fa75-sg-lb-control",
                            "owner_id": "398053451782",
                            "revoke_rules_on_delete": "false",
                            "tags.%": "6",
                            "tags.Name": "d2iq-workshop-fa75-securitygroup-lb-control-plane",
                            "tags.expiration": "8h",
                            "tags.konvoy/clusterName": "d2iq-workshop-fa75",
                            "tags.konvoy/securityGroup": "lb-control-plane",
                            "tags.konvoy/version": "v1.4.0",
                            "tags.owner": "StudentWorkshop",
                            "vpc_id": "vpc-02bc3ded61ec19930"
                        },
                        "meta": {
                            "e2bfb730-ecaa-11e6-8f88-34363bc7c4c0": {
                                "create": 600000000000,
                                "delete": 600000000000
                            },
                            "schema_version": "1"
                        },
                        "tainted": false
                    },
                    "deposed": [],
                    "provider": "provider.aws"
                },
                "aws_security_group.konvoy_private": {
                    "type": "aws_security_group",
                    "depends_on": [
                        "local.cluster_name",
                        "local.common_tags",
                        "local.sg_private_name",
                        "local.vpc_id"
                    ],
                    "primary": {
                        "id": "sg-02be8edb2aa4e5ac8",
                        "attributes": {
                            "arn": "arn:aws:ec2:us-east-1:398053451782:security-group/sg-02be8edb2aa4e5ac8",
                            "description": "Allow all communication between nodes.",
                            "egress.#": "1",
                            "egress.753360330.cidr_blocks.#": "0",
                            "egress.753360330.description": "",
                            "egress.753360330.from_port": "0",
                            "egress.753360330.ipv6_cidr_blocks.#": "0",
                            "egress.753360330.prefix_list_ids.#": "0",
                            "egress.753360330.protocol": "-1",
                            "egress.753360330.security_groups.#": "0",
                            "egress.753360330.self": "true",
                            "egress.753360330.to_port": "0",
                            "id": "sg-02be8edb2aa4e5ac8",
                            "ingress.#": "1",
                            "ingress.753360330.cidr_blocks.#": "0",
                            "ingress.753360330.description": "",
                            "ingress.753360330.from_port": "0",
                            "ingress.753360330.ipv6_cidr_blocks.#": "0",
                            "ingress.753360330.prefix_list_ids.#": "0",
                            "ingress.753360330.protocol": "-1",
                            "ingress.753360330.security_groups.#": "0",
                            "ingress.753360330.self": "true",
                            "ingress.753360330.to_port": "0",
                            "name": "d2iq-workshop-fa75-sg-private",
                            "owner_id": "398053451782",
                            "revoke_rules_on_delete": "false",
                            "tags.%": "8",
                            "tags.Name": "d2iq-workshop-fa75-securitygroup-private",
                            "tags.expiration": "8h",
                            "tags.konvoy/clusterName": "d2iq-workshop-fa75",
                            "tags.konvoy/securityGroup": "private",
                            "tags.konvoy/version": "v1.4.0",
                            "tags.kubernetes.io/cluster": "d2iq-workshop-fa75",
                            "tags.kubernetes.io/cluster/d2iq-workshop-fa75": "owned",
                            "tags.owner": "StudentWorkshop",
                            "vpc_id": "vpc-02bc3ded61ec19930"
                        },
                        "meta": {
                            "e2bfb730-ecaa-11e6-8f88-34363bc7c4c0": {
                                "create": 600000000000,
                                "delete": 600000000000
                            },
                            "schema_version": "1"
                        },
                        "tainted": false
                    },
                    "deposed": [],
                    "provider": "provider.aws"
                },
                "aws_security_group.konvoy_ssh": {
                    "type": "aws_security_group",
                    "depends_on": [
                        "local.cluster_name",
                        "local.common_tags_no_cluster",
                        "local.sg_ssh_name",
                        "local.vpc_id"
                    ],
                    "primary": {
                        "id": "sg-084e5ab3a03919e78",
                        "attributes": {
                            "arn": "arn:aws:ec2:us-east-1:398053451782:security-group/sg-084e5ab3a03919e78",
                            "description": "Allow inbound SSH for Konvoy.",
                            "egress.#": "0",
                            "id": "sg-084e5ab3a03919e78",
                            "ingress.#": "1",
                            "ingress.2541437006.cidr_blocks.#": "1",
                            "ingress.2541437006.cidr_blocks.0": "0.0.0.0/0",
                            "ingress.2541437006.description": "",
                            "ingress.2541437006.from_port": "22",
                            "ingress.2541437006.ipv6_cidr_blocks.#": "0",
                            "ingress.2541437006.prefix_list_ids.#": "0",
                            "ingress.2541437006.protocol": "tcp",
                            "ingress.2541437006.security_groups.#": "0",
                            "ingress.2541437006.self": "false",
                            "ingress.2541437006.to_port": "22",
                            "name": "d2iq-workshop-fa75-sg-ssh",
                            "owner_id": "398053451782",
                            "revoke_rules_on_delete": "false",
                            "tags.%": "6",
                            "tags.Name": "d2iq-workshop-fa75-securitygroup-ssh",
                            "tags.expiration": "8h",
                            "tags.konvoy/clusterName": "d2iq-workshop-fa75",
                            "tags.konvoy/securityGroup": "ssh",
                            "tags.konvoy/version": "v1.4.0",
                            "tags.owner": "StudentWorkshop",
                            "vpc_id": "vpc-02bc3ded61ec19930"
                        },
                        "meta": {
                            "e2bfb730-ecaa-11e6-8f88-34363bc7c4c0": {
                                "create": 600000000000,
                                "delete": 600000000000
                            },
                            "schema_version": "1"
                        },
                        "tainted": false
                    },
                    "deposed": [],
                    "provider": "provider.aws"
                },
                "aws_subnet.konvoy_control_plane.0": {
                    "type": "aws_subnet",
                    "depends_on": [
                        "aws_vpc.konvoy.*",
                        "data.aws_availability_zones.available",
                        "local.cluster_name",
                        "local.common_tags",
                        "local.control_plane_subnet_range"
                    ],
                    "primary": {
                        "id": "subnet-060f00581dafab067",
                        "attributes": {
                            "arn": "arn:aws:ec2:us-east-1:398053451782:subnet/subnet-060f00581dafab067",
                            "assign_ipv6_address_on_creation": "false",
                            "availability_zone": "us-east-1a",
                            "availability_zone_id": "use1-az6",
                            "cidr_block": "10.0.192.0/22",
                            "id": "subnet-060f00581dafab067",
                            "ipv6_cidr_block": "",
                            "ipv6_cidr_block_association_id": "",
                            "map_public_ip_on_launch": "false",
                            "owner_id": "398053451782",
                            "tags.%": "9",
                            "tags.Name": "d2iq-workshop-fa75-subnet-control-plane",
                            "tags.expiration": "8h",
                            "tags.konvoy/clusterName": "d2iq-workshop-fa75",
                            "tags.konvoy/subnet": "control_plane",
                            "tags.konvoy/version": "v1.4.0",
                            "tags.kubernetes.io/cluster": "d2iq-workshop-fa75",
                            "tags.kubernetes.io/cluster/d2iq-workshop-fa75": "owned",
                            "tags.kubernetes.io/role/elb": "1",
                            "tags.owner": "StudentWorkshop",
                            "vpc_id": "vpc-02bc3ded61ec19930"
                        },
                        "meta": {
                            "e2bfb730-ecaa-11e6-8f88-34363bc7c4c0": {
                                "create": 600000000000,
                                "delete": 1200000000000
                            },
                            "schema_version": "1"
                        },
                        "tainted": false
                    },
                    "deposed": [],
                    "provider": "provider.aws"
                },
                "aws_subnet.konvoy_control_plane.1": {
                    "type": "aws_subnet",
                    "depends_on": [
                        "aws_vpc.konvoy.*",
                        "data.aws_availability_zones.available",
                        "local.cluster_name",
                        "local.common_tags",
                        "local.control_plane_subnet_range"
                    ],
                    "primary": {
                        "id": "subnet-0841f1aab40543032",
                        "attributes": {
                            "arn": "arn:aws:ec2:us-east-1:398053451782:subnet/subnet-0841f1aab40543032",
                            "assign_ipv6_address_on_creation": "false",
                            "availability_zone": "us-east-1b",
                            "availability_zone_id": "use1-az1",
                            "cidr_block": "10.0.196.0/22",
                            "id": "subnet-0841f1aab40543032",
                            "ipv6_cidr_block": "",
                            "ipv6_cidr_block_association_id": "",
                            "map_public_ip_on_launch": "false",
                            "owner_id": "398053451782",
                            "tags.%": "9",
                            "tags.Name": "d2iq-workshop-fa75-subnet-control-plane",
                            "tags.expiration": "8h",
                            "tags.konvoy/clusterName": "d2iq-workshop-fa75",
                            "tags.konvoy/subnet": "control_plane",
                            "tags.konvoy/version": "v1.4.0",
                            "tags.kubernetes.io/cluster": "d2iq-workshop-fa75",
                            "tags.kubernetes.io/cluster/d2iq-workshop-fa75": "owned",
                            "tags.kubernetes.io/role/elb": "1",
                            "tags.owner": "StudentWorkshop",
                            "vpc_id": "vpc-02bc3ded61ec19930"
                        },
                        "meta": {
                            "e2bfb730-ecaa-11e6-8f88-34363bc7c4c0": {
                                "create": 600000000000,
                                "delete": 1200000000000
                            },
                            "schema_version": "1"
                        },
                        "tainted": false
                    },
                    "deposed": [],
                    "provider": "provider.aws"
                },
                "aws_subnet.konvoy_control_plane.2": {
                    "type": "aws_subnet",
                    "depends_on": [
                        "aws_vpc.konvoy.*",
                        "data.aws_availability_zones.available",
                        "local.cluster_name",
                        "local.common_tags",
                        "local.control_plane_subnet_range"
                    ],
                    "primary": {
                        "id": "subnet-0d8d7f01a2311e092",
                        "attributes": {
                            "arn": "arn:aws:ec2:us-east-1:398053451782:subnet/subnet-0d8d7f01a2311e092",
                            "assign_ipv6_address_on_creation": "false",
                            "availability_zone": "us-east-1c",
                            "availability_zone_id": "use1-az2",
                            "cidr_block": "10.0.200.0/22",
                            "id": "subnet-0d8d7f01a2311e092",
                            "ipv6_cidr_block": "",
                            "ipv6_cidr_block_association_id": "",
                            "map_public_ip_on_launch": "false",
                            "owner_id": "398053451782",
                            "tags.%": "9",
                            "tags.Name": "d2iq-workshop-fa75-subnet-control-plane",
                            "tags.expiration": "8h",
                            "tags.konvoy/clusterName": "d2iq-workshop-fa75",
                            "tags.konvoy/subnet": "control_plane",
                            "tags.konvoy/version": "v1.4.0",
                            "tags.kubernetes.io/cluster": "d2iq-workshop-fa75",
                            "tags.kubernetes.io/cluster/d2iq-workshop-fa75": "owned",
                            "tags.kubernetes.io/role/elb": "1",
                            "tags.owner": "StudentWorkshop",
                            "vpc_id": "vpc-02bc3ded61ec19930"
                        },
                        "meta": {
                            "e2bfb730-ecaa-11e6-8f88-34363bc7c4c0": {
                                "create": 600000000000,
                                "delete": 1200000000000
                            },
                            "schema_version": "1"
                        },
                        "tainted": false
                    },
                    "deposed": [],
                    "provider": "provider.aws"
                },
                "aws_subnet.konvoy_control_plane.3": {
                    "type": "aws_subnet",
                    "depends_on": [
                        "aws_vpc.konvoy.*",
                        "data.aws_availability_zones.available",
                        "local.cluster_name",
                        "local.common_tags",
                        "local.control_plane_subnet_range"
                    ],
                    "primary": {
                        "id": "subnet-0fa50272eaf71be75",
                        "attributes": {
                            "arn": "arn:aws:ec2:us-east-1:398053451782:subnet/subnet-0fa50272eaf71be75",
                            "assign_ipv6_address_on_creation": "false",
                            "availability_zone": "us-east-1d",
                            "availability_zone_id": "use1-az4",
                            "cidr_block": "10.0.204.0/22",
                            "id": "subnet-0fa50272eaf71be75",
                            "ipv6_cidr_block": "",
                            "ipv6_cidr_block_association_id": "",
                            "map_public_ip_on_launch": "false",
                            "owner_id": "398053451782",
                            "tags.%": "9",
                            "tags.Name": "d2iq-workshop-fa75-subnet-control-plane",
                            "tags.expiration": "8h",
                            "tags.konvoy/clusterName": "d2iq-workshop-fa75",
                            "tags.konvoy/subnet": "control_plane",
                            "tags.konvoy/version": "v1.4.0",
                            "tags.kubernetes.io/cluster": "d2iq-workshop-fa75",
                            "tags.kubernetes.io/cluster/d2iq-workshop-fa75": "owned",
                            "tags.kubernetes.io/role/elb": "1",
                            "tags.owner": "StudentWorkshop",
                            "vpc_id": "vpc-02bc3ded61ec19930"
                        },
                        "meta": {
                            "e2bfb730-ecaa-11e6-8f88-34363bc7c4c0": {
                                "create": 600000000000,
                                "delete": 1200000000000
                            },
                            "schema_version": "1"
                        },
                        "tainted": false
                    },
                    "deposed": [],
                    "provider": "provider.aws"
                },
                "aws_subnet.konvoy_control_plane.4": {
                    "type": "aws_subnet",
                    "depends_on": [
                        "aws_vpc.konvoy.*",
                        "data.aws_availability_zones.available",
                        "local.cluster_name",
                        "local.common_tags",
                        "local.control_plane_subnet_range"
                    ],
                    "primary": {
                        "id": "subnet-0125f64d5700d8b34",
                        "attributes": {
                            "arn": "arn:aws:ec2:us-east-1:398053451782:subnet/subnet-0125f64d5700d8b34",
                            "assign_ipv6_address_on_creation": "false",
                            "availability_zone": "us-east-1f",
                            "availability_zone_id": "use1-az5",
                            "cidr_block": "10.0.208.0/22",
                            "id": "subnet-0125f64d5700d8b34",
                            "ipv6_cidr_block": "",
                            "ipv6_cidr_block_association_id": "",
                            "map_public_ip_on_launch": "false",
                            "owner_id": "398053451782",
                            "tags.%": "9",
                            "tags.Name": "d2iq-workshop-fa75-subnet-control-plane",
                            "tags.expiration": "8h",
                            "tags.konvoy/clusterName": "d2iq-workshop-fa75",
                            "tags.konvoy/subnet": "control_plane",
                            "tags.konvoy/version": "v1.4.0",
                            "tags.kubernetes.io/cluster": "d2iq-workshop-fa75",
                            "tags.kubernetes.io/cluster/d2iq-workshop-fa75": "owned",
                            "tags.kubernetes.io/role/elb": "1",
                            "tags.owner": "StudentWorkshop",
                            "vpc_id": "vpc-02bc3ded61ec19930"
                        },
                        "meta": {
                            "e2bfb730-ecaa-11e6-8f88-34363bc7c4c0": {
                                "create": 600000000000,
                                "delete": 1200000000000
                            },
                            "schema_version": "1"
                        },
                        "tainted": false
                    },
                    "deposed": [],
                    "provider": "provider.aws"
                },
                "aws_subnet.konvoy_private.0": {
                    "type": "aws_subnet",
                    "depends_on": [
                        "aws_vpc.konvoy.*",
                        "data.aws_availability_zones.available",
                        "local.cluster_name",
                        "local.common_tags_no_cluster",
                        "local.private_subnet_range"
                    ],
                    "primary": {
                        "id": "subnet-0175184cc99375bae",
                        "attributes": {
                            "arn": "arn:aws:ec2:us-east-1:398053451782:subnet/subnet-0175184cc99375bae",
                            "assign_ipv6_address_on_creation": "false",
                            "availability_zone": "us-east-1a",
                            "availability_zone_id": "use1-az6",
                            "cidr_block": "10.0.128.0/22",
                            "id": "subnet-0175184cc99375bae",
                            "ipv6_cidr_block": "",
                            "ipv6_cidr_block_association_id": "",
                            "map_public_ip_on_launch": "false",
                            "owner_id": "398053451782",
                            "tags.%": "6",
                            "tags.Name": "d2iq-workshop-fa75-subnet-private",
                            "tags.expiration": "8h",
                            "tags.konvoy/clusterName": "d2iq-workshop-fa75",
                            "tags.konvoy/subnet": "private",
                            "tags.konvoy/version": "v1.4.0",
                            "tags.owner": "StudentWorkshop",
                            "vpc_id": "vpc-02bc3ded61ec19930"
                        },
                        "meta": {
                            "e2bfb730-ecaa-11e6-8f88-34363bc7c4c0": {
                                "create": 600000000000,
                                "delete": 1200000000000
                            },
                            "schema_version": "1"
                        },
                        "tainted": false
                    },
                    "deposed": [],
                    "provider": "provider.aws"
                },
                "aws_subnet.konvoy_private.1": {
                    "type": "aws_subnet",
                    "depends_on": [
                        "aws_vpc.konvoy.*",
                        "data.aws_availability_zones.available",
                        "local.cluster_name",
                        "local.common_tags_no_cluster",
                        "local.private_subnet_range"
                    ],
                    "primary": {
                        "id": "subnet-0fef32e7031b4a8a7",
                        "attributes": {
                            "arn": "arn:aws:ec2:us-east-1:398053451782:subnet/subnet-0fef32e7031b4a8a7",
                            "assign_ipv6_address_on_creation": "false",
                            "availability_zone": "us-east-1b",
                            "availability_zone_id": "use1-az1",
                            "cidr_block": "10.0.132.0/22",
                            "id": "subnet-0fef32e7031b4a8a7",
                            "ipv6_cidr_block": "",
                            "ipv6_cidr_block_association_id": "",
                            "map_public_ip_on_launch": "false",
                            "owner_id": "398053451782",
                            "tags.%": "6",
                            "tags.Name": "d2iq-workshop-fa75-subnet-private",
                            "tags.expiration": "8h",
                            "tags.konvoy/clusterName": "d2iq-workshop-fa75",
                            "tags.konvoy/subnet": "private",
                            "tags.konvoy/version": "v1.4.0",
                            "tags.owner": "StudentWorkshop",
                            "vpc_id": "vpc-02bc3ded61ec19930"
                        },
                        "meta": {
                            "e2bfb730-ecaa-11e6-8f88-34363bc7c4c0": {
                                "create": 600000000000,
                                "delete": 1200000000000
                            },
                            "schema_version": "1"
                        },
                        "tainted": false
                    },
                    "deposed": [],
                    "provider": "provider.aws"
                },
                "aws_subnet.konvoy_private.2": {
                    "type": "aws_subnet",
                    "depends_on": [
                        "aws_vpc.konvoy.*",
                        "data.aws_availability_zones.available",
                        "local.cluster_name",
                        "local.common_tags_no_cluster",
                        "local.private_subnet_range"
                    ],
                    "primary": {
                        "id": "subnet-0a29a1cdc1191c01d",
                        "attributes": {
                            "arn": "arn:aws:ec2:us-east-1:398053451782:subnet/subnet-0a29a1cdc1191c01d",
                            "assign_ipv6_address_on_creation": "false",
                            "availability_zone": "us-east-1c",
                            "availability_zone_id": "use1-az2",
                            "cidr_block": "10.0.136.0/22",
                            "id": "subnet-0a29a1cdc1191c01d",
                            "ipv6_cidr_block": "",
                            "ipv6_cidr_block_association_id": "",
                            "map_public_ip_on_launch": "false",
                            "owner_id": "398053451782",
                            "tags.%": "6",
                            "tags.Name": "d2iq-workshop-fa75-subnet-private",
                            "tags.expiration": "8h",
                            "tags.konvoy/clusterName": "d2iq-workshop-fa75",
                            "tags.konvoy/subnet": "private",
                            "tags.konvoy/version": "v1.4.0",
                            "tags.owner": "StudentWorkshop",
                            "vpc_id": "vpc-02bc3ded61ec19930"
                        },
                        "meta": {
                            "e2bfb730-ecaa-11e6-8f88-34363bc7c4c0": {
                                "create": 600000000000,
                                "delete": 1200000000000
                            },
                            "schema_version": "1"
                        },
                        "tainted": false
                    },
                    "deposed": [],
                    "provider": "provider.aws"
                },
                "aws_subnet.konvoy_private.3": {
                    "type": "aws_subnet",
                    "depends_on": [
                        "aws_vpc.konvoy.*",
                        "data.aws_availability_zones.available",
                        "local.cluster_name",
                        "local.common_tags_no_cluster",
                        "local.private_subnet_range"
                    ],
                    "primary": {
                        "id": "subnet-087ed3d6572443236",
                        "attributes": {
                            "arn": "arn:aws:ec2:us-east-1:398053451782:subnet/subnet-087ed3d6572443236",
                            "assign_ipv6_address_on_creation": "false",
                            "availability_zone": "us-east-1d",
                            "availability_zone_id": "use1-az4",
                            "cidr_block": "10.0.140.0/22",
                            "id": "subnet-087ed3d6572443236",
                            "ipv6_cidr_block": "",
                            "ipv6_cidr_block_association_id": "",
                            "map_public_ip_on_launch": "false",
                            "owner_id": "398053451782",
                            "tags.%": "6",
                            "tags.Name": "d2iq-workshop-fa75-subnet-private",
                            "tags.expiration": "8h",
                            "tags.konvoy/clusterName": "d2iq-workshop-fa75",
                            "tags.konvoy/subnet": "private",
                            "tags.konvoy/version": "v1.4.0",
                            "tags.owner": "StudentWorkshop",
                            "vpc_id": "vpc-02bc3ded61ec19930"
                        },
                        "meta": {
                            "e2bfb730-ecaa-11e6-8f88-34363bc7c4c0": {
                                "create": 600000000000,
                                "delete": 1200000000000
                            },
                            "schema_version": "1"
                        },
                        "tainted": false
                    },
                    "deposed": [],
                    "provider": "provider.aws"
                },
                "aws_subnet.konvoy_private.4": {
                    "type": "aws_subnet",
                    "depends_on": [
                        "aws_vpc.konvoy.*",
                        "data.aws_availability_zones.available",
                        "local.cluster_name",
                        "local.common_tags_no_cluster",
                        "local.private_subnet_range"
                    ],
                    "primary": {
                        "id": "subnet-07f95780e118ff35e",
                        "attributes": {
                            "arn": "arn:aws:ec2:us-east-1:398053451782:subnet/subnet-07f95780e118ff35e",
                            "assign_ipv6_address_on_creation": "false",
                            "availability_zone": "us-east-1f",
                            "availability_zone_id": "use1-az5",
                            "cidr_block": "10.0.144.0/22",
                            "id": "subnet-07f95780e118ff35e",
                            "ipv6_cidr_block": "",
                            "ipv6_cidr_block_association_id": "",
                            "map_public_ip_on_launch": "false",
                            "owner_id": "398053451782",
                            "tags.%": "6",
                            "tags.Name": "d2iq-workshop-fa75-subnet-private",
                            "tags.expiration": "8h",
                            "tags.konvoy/clusterName": "d2iq-workshop-fa75",
                            "tags.konvoy/subnet": "private",
                            "tags.konvoy/version": "v1.4.0",
                            "tags.owner": "StudentWorkshop",
                            "vpc_id": "vpc-02bc3ded61ec19930"
                        },
                        "meta": {
                            "e2bfb730-ecaa-11e6-8f88-34363bc7c4c0": {
                                "create": 600000000000,
                                "delete": 1200000000000
                            },
                            "schema_version": "1"
                        },
                        "tainted": false
                    },
                    "deposed": [],
                    "provider": "provider.aws"
                },
                "aws_subnet.konvoy_public.0": {
                    "type": "aws_subnet",
                    "depends_on": [
                        "aws_vpc.konvoy.*",
                        "data.aws_availability_zones.available",
                        "local.cluster_name",
                        "local.common_tags",
                        "local.public_subnet_range"
                    ],
                    "primary": {
                        "id": "subnet-057dbc5e08ea13bea",
                        "attributes": {
                            "arn": "arn:aws:ec2:us-east-1:398053451782:subnet/subnet-057dbc5e08ea13bea",
                            "assign_ipv6_address_on_creation": "false",
                            "availability_zone": "us-east-1a",
                            "availability_zone_id": "use1-az6",
                            "cidr_block": "10.0.64.0/22",
                            "id": "subnet-057dbc5e08ea13bea",
                            "ipv6_cidr_block": "",
                            "ipv6_cidr_block_association_id": "",
                            "map_public_ip_on_launch": "false",
                            "owner_id": "398053451782",
                            "tags.%": "8",
                            "tags.Name": "d2iq-workshop-fa75-subnet-public",
                            "tags.expiration": "8h",
                            "tags.konvoy/clusterName": "d2iq-workshop-fa75",
                            "tags.konvoy/subnet": "public",
                            "tags.konvoy/version": "v1.4.0",
                            "tags.kubernetes.io/cluster": "d2iq-workshop-fa75",
                            "tags.kubernetes.io/cluster/d2iq-workshop-fa75": "owned",
                            "tags.owner": "StudentWorkshop",
                            "vpc_id": "vpc-02bc3ded61ec19930"
                        },
                        "meta": {
                            "e2bfb730-ecaa-11e6-8f88-34363bc7c4c0": {
                                "create": 600000000000,
                                "delete": 1200000000000
                            },
                            "schema_version": "1"
                        },
                        "tainted": false
                    },
                    "deposed": [],
                    "provider": "provider.aws"
                },
                "aws_subnet.konvoy_public.1": {
                    "type": "aws_subnet",
                    "depends_on": [
                        "aws_vpc.konvoy.*",
                        "data.aws_availability_zones.available",
                        "local.cluster_name",
                        "local.common_tags",
                        "local.public_subnet_range"
                    ],
                    "primary": {
                        "id": "subnet-003842648d38ec57d",
                        "attributes": {
                            "arn": "arn:aws:ec2:us-east-1:398053451782:subnet/subnet-003842648d38ec57d",
                            "assign_ipv6_address_on_creation": "false",
                            "availability_zone": "us-east-1b",
                            "availability_zone_id": "use1-az1",
                            "cidr_block": "10.0.68.0/22",
                            "id": "subnet-003842648d38ec57d",
                            "ipv6_cidr_block": "",
                            "ipv6_cidr_block_association_id": "",
                            "map_public_ip_on_launch": "true",
                            "owner_id": "398053451782",
                            "tags.%": "8",
                            "tags.Name": "d2iq-workshop-fa75-subnet-public",
                            "tags.expiration": "8h",
                            "tags.konvoy/clusterName": "d2iq-workshop-fa75",
                            "tags.konvoy/subnet": "public",
                            "tags.konvoy/version": "v1.4.0",
                            "tags.kubernetes.io/cluster": "d2iq-workshop-fa75",
                            "tags.kubernetes.io/cluster/d2iq-workshop-fa75": "owned",
                            "tags.owner": "StudentWorkshop",
                            "vpc_id": "vpc-02bc3ded61ec19930"
                        },
                        "meta": {
                            "e2bfb730-ecaa-11e6-8f88-34363bc7c4c0": {
                                "create": 600000000000,
                                "delete": 1200000000000
                            },
                            "schema_version": "1"
                        },
                        "tainted": false
                    },
                    "deposed": [],
                    "provider": "provider.aws"
                },
                "aws_subnet.konvoy_public.2": {
                    "type": "aws_subnet",
                    "depends_on": [
                        "aws_vpc.konvoy.*",
                        "data.aws_availability_zones.available",
                        "local.cluster_name",
                        "local.common_tags",
                        "local.public_subnet_range"
                    ],
                    "primary": {
                        "id": "subnet-0c84058aedc970023",
                        "attributes": {
                            "arn": "arn:aws:ec2:us-east-1:398053451782:subnet/subnet-0c84058aedc970023",
                            "assign_ipv6_address_on_creation": "false",
                            "availability_zone": "us-east-1c",
                            "availability_zone_id": "use1-az2",
                            "cidr_block": "10.0.72.0/22",
                            "id": "subnet-0c84058aedc970023",
                            "ipv6_cidr_block": "",
                            "ipv6_cidr_block_association_id": "",
                            "map_public_ip_on_launch": "true",
                            "owner_id": "398053451782",
                            "tags.%": "8",
                            "tags.Name": "d2iq-workshop-fa75-subnet-public",
                            "tags.expiration": "8h",
                            "tags.konvoy/clusterName": "d2iq-workshop-fa75",
                            "tags.konvoy/subnet": "public",
                            "tags.konvoy/version": "v1.4.0",
                            "tags.kubernetes.io/cluster": "d2iq-workshop-fa75",
                            "tags.kubernetes.io/cluster/d2iq-workshop-fa75": "owned",
                            "tags.owner": "StudentWorkshop",
                            "vpc_id": "vpc-02bc3ded61ec19930"
                        },
                        "meta": {
                            "e2bfb730-ecaa-11e6-8f88-34363bc7c4c0": {
                                "create": 600000000000,
                                "delete": 1200000000000
                            },
                            "schema_version": "1"
                        },
                        "tainted": false
                    },
                    "deposed": [],
                    "provider": "provider.aws"
                },
                "aws_subnet.konvoy_public.3": {
                    "type": "aws_subnet",
                    "depends_on": [
                        "aws_vpc.konvoy.*",
                        "data.aws_availability_zones.available",
                        "local.cluster_name",
                        "local.common_tags",
                        "local.public_subnet_range"
                    ],
                    "primary": {
                        "id": "subnet-02b21e1d0e4242d39",
                        "attributes": {
                            "arn": "arn:aws:ec2:us-east-1:398053451782:subnet/subnet-02b21e1d0e4242d39",
                            "assign_ipv6_address_on_creation": "false",
                            "availability_zone": "us-east-1d",
                            "availability_zone_id": "use1-az4",
                            "cidr_block": "10.0.76.0/22",
                            "id": "subnet-02b21e1d0e4242d39",
                            "ipv6_cidr_block": "",
                            "ipv6_cidr_block_association_id": "",
                            "map_public_ip_on_launch": "true",
                            "owner_id": "398053451782",
                            "tags.%": "8",
                            "tags.Name": "d2iq-workshop-fa75-subnet-public",
                            "tags.expiration": "8h",
                            "tags.konvoy/clusterName": "d2iq-workshop-fa75",
                            "tags.konvoy/subnet": "public",
                            "tags.konvoy/version": "v1.4.0",
                            "tags.kubernetes.io/cluster": "d2iq-workshop-fa75",
                            "tags.kubernetes.io/cluster/d2iq-workshop-fa75": "owned",
                            "tags.owner": "StudentWorkshop",
                            "vpc_id": "vpc-02bc3ded61ec19930"
                        },
                        "meta": {
                            "e2bfb730-ecaa-11e6-8f88-34363bc7c4c0": {
                                "create": 600000000000,
                                "delete": 1200000000000
                            },
                            "schema_version": "1"
                        },
                        "tainted": false
                    },
                    "deposed": [],
                    "provider": "provider.aws"
                },
                "aws_subnet.konvoy_public.4": {
                    "type": "aws_subnet",
                    "depends_on": [
                        "aws_vpc.konvoy.*",
                        "data.aws_availability_zones.available",
                        "local.cluster_name",
                        "local.common_tags",
                        "local.public_subnet_range"
                    ],
                    "primary": {
                        "id": "subnet-02790a1cfc8b721a9",
                        "attributes": {
                            "arn": "arn:aws:ec2:us-east-1:398053451782:subnet/subnet-02790a1cfc8b721a9",
                            "assign_ipv6_address_on_creation": "false",
                            "availability_zone": "us-east-1f",
                            "availability_zone_id": "use1-az5",
                            "cidr_block": "10.0.80.0/22",
                            "id": "subnet-02790a1cfc8b721a9",
                            "ipv6_cidr_block": "",
                            "ipv6_cidr_block_association_id": "",
                            "map_public_ip_on_launch": "true",
                            "owner_id": "398053451782",
                            "tags.%": "8",
                            "tags.Name": "d2iq-workshop-fa75-subnet-public",
                            "tags.expiration": "8h",
                            "tags.konvoy/clusterName": "d2iq-workshop-fa75",
                            "tags.konvoy/subnet": "public",
                            "tags.konvoy/version": "v1.4.0",
                            "tags.kubernetes.io/cluster": "d2iq-workshop-fa75",
                            "tags.kubernetes.io/cluster/d2iq-workshop-fa75": "owned",
                            "tags.owner": "StudentWorkshop",
                            "vpc_id": "vpc-02bc3ded61ec19930"
                        },
                        "meta": {
                            "e2bfb730-ecaa-11e6-8f88-34363bc7c4c0": {
                                "create": 600000000000,
                                "delete": 1200000000000
                            },
                            "schema_version": "1"
                        },
                        "tainted": false
                    },
                    "deposed": [],
                    "provider": "provider.aws"
                },
                "aws_volume_attachment.control_plane_imagefs.0": {
                    "type": "aws_volume_attachment",
                    "depends_on": [
                        "aws_ebs_volume.control_plane_imagefs.*",
                        "aws_instance.control_plane.*"
                    ],
                    "primary": {
                        "id": "vai-3255789777",
                        "attributes": {
                            "device_name": "/dev/xvdb",
                            "force_detach": "true",
                            "id": "vai-3255789777",
                            "instance_id": "i-09a8675cd161b5323",
                            "volume_id": "vol-093917f024d8fcc30"
                        },
                        "meta": {},
                        "tainted": false
                    },
                    "deposed": [],
                    "provider": "provider.aws"
                },
                "aws_volume_attachment.control_plane_imagefs.1": {
                    "type": "aws_volume_attachment",
                    "depends_on": [
                        "aws_ebs_volume.control_plane_imagefs.*",
                        "aws_instance.control_plane.*"
                    ],
                    "primary": {
                        "id": "vai-2872356438",
                        "attributes": {
                            "device_name": "/dev/xvdb",
                            "force_detach": "true",
                            "id": "vai-2872356438",
                            "instance_id": "i-0724ef503d6ade561",
                            "volume_id": "vol-06943df535ae9bcfd"
                        },
                        "meta": {},
                        "tainted": false
                    },
                    "deposed": [],
                    "provider": "provider.aws"
                },
                "aws_volume_attachment.control_plane_imagefs.2": {
                    "type": "aws_volume_attachment",
                    "depends_on": [
                        "aws_ebs_volume.control_plane_imagefs.*",
                        "aws_instance.control_plane.*"
                    ],
                    "primary": {
                        "id": "vai-726317746",
                        "attributes": {
                            "device_name": "/dev/xvdb",
                            "force_detach": "true",
                            "id": "vai-726317746",
                            "instance_id": "i-0d16a35f9c0d3827b",
                            "volume_id": "vol-02c1f93f89247e40d"
                        },
                        "meta": {},
                        "tainted": false
                    },
                    "deposed": [],
                    "provider": "provider.aws"
                },
                "aws_volume_attachment.worker_pool0_imagefs.0": {
                    "type": "aws_volume_attachment",
                    "depends_on": [
                        "aws_ebs_volume.worker_pool0_imagefs.*",
                        "aws_instance.worker_pool0.*"
                    ],
                    "primary": {
                        "id": "vai-1893147081",
                        "attributes": {
                            "device_name": "/dev/xvdb",
                            "force_detach": "true",
                            "id": "vai-1893147081",
                            "instance_id": "i-04daa821cdd6b5287",
                            "volume_id": "vol-0959be38f68767727"
                        },
                        "meta": {},
                        "tainted": false
                    },
                    "deposed": [],
                    "provider": "provider.aws"
                },
                "aws_volume_attachment.worker_pool0_imagefs.1": {
                    "type": "aws_volume_attachment",
                    "depends_on": [
                        "aws_ebs_volume.worker_pool0_imagefs.*",
                        "aws_instance.worker_pool0.*"
                    ],
                    "primary": {
                        "id": "vai-3356788653",
                        "attributes": {
                            "device_name": "/dev/xvdb",
                            "force_detach": "true",
                            "id": "vai-3356788653",
                            "instance_id": "i-05332c852ead24d1b",
                            "volume_id": "vol-0b42ae574ca96555a"
                        },
                        "meta": {},
                        "tainted": false
                    },
                    "deposed": [],
                    "provider": "provider.aws"
                },
                "aws_volume_attachment.worker_pool0_imagefs.2": {
                    "type": "aws_volume_attachment",
                    "depends_on": [
                        "aws_ebs_volume.worker_pool0_imagefs.*",
                        "aws_instance.worker_pool0.*"
                    ],
                    "primary": {
                        "id": "vai-3451228981",
                        "attributes": {
                            "device_name": "/dev/xvdb",
                            "force_detach": "true",
                            "id": "vai-3451228981",
                            "instance_id": "i-085880afc0f947339",
                            "volume_id": "vol-03557a68cde40422f"
                        },
                        "meta": {},
                        "tainted": false
                    },
                    "deposed": [],
                    "provider": "provider.aws"
                },
                "aws_volume_attachment.worker_pool0_imagefs.3": {
                    "type": "aws_volume_attachment",
                    "depends_on": [
                        "aws_ebs_volume.worker_pool0_imagefs.*",
                        "aws_instance.worker_pool0.*"
                    ],
                    "primary": {
                        "id": "vai-3448418783",
                        "attributes": {
                            "device_name": "/dev/xvdb",
                            "force_detach": "true",
                            "id": "vai-3448418783",
                            "instance_id": "i-0d97414e59ff6ac03",
                            "volume_id": "vol-0ea6c43be99fb0631"
                        },
                        "meta": {},
                        "tainted": false
                    },
                    "deposed": [],
                    "provider": "provider.aws"
                },
                "aws_vpc.konvoy": {
                    "type": "aws_vpc",
                    "depends_on": [
                        "local.cluster_name",
                        "local.common_tags"
                    ],
                    "primary": {
                        "id": "vpc-02bc3ded61ec19930",
                        "attributes": {
                            "arn": "arn:aws:ec2:us-east-1:398053451782:vpc/vpc-02bc3ded61ec19930",
                            "assign_generated_ipv6_cidr_block": "false",
                            "cidr_block": "10.0.0.0/16",
                            "default_network_acl_id": "acl-020ce738f187edcbe",
                            "default_route_table_id": "rtb-02897713b530db8f1",
                            "default_security_group_id": "sg-094a292652d7dceb7",
                            "dhcp_options_id": "dopt-283bc553",
                            "enable_classiclink": "false",
                            "enable_classiclink_dns_support": "false",
                            "enable_dns_hostnames": "true",
                            "enable_dns_support": "true",
                            "id": "vpc-02bc3ded61ec19930",
                            "instance_tenancy": "default",
                            "ipv6_association_id": "",
                            "ipv6_cidr_block": "",
                            "main_route_table_id": "rtb-02897713b530db8f1",
                            "owner_id": "398053451782",
                            "tags.%": "7",
                            "tags.Name": "d2iq-workshop-fa75-vpc",
                            "tags.expiration": "8h",
                            "tags.konvoy/clusterName": "d2iq-workshop-fa75",
                            "tags.konvoy/version": "v1.4.0",
                            "tags.kubernetes.io/cluster": "d2iq-workshop-fa75",
                            "tags.kubernetes.io/cluster/d2iq-workshop-fa75": "owned",
                            "tags.owner": "StudentWorkshop"
                        },
                        "meta": {
                            "schema_version": "1"
                        },
                        "tainted": false
                    },
                    "deposed": [],
                    "provider": "provider.aws"
                },
                "aws_vpc_endpoint.ec2": {
                    "type": "aws_vpc_endpoint",
                    "depends_on": [
                        "aws_security_group.konvoy_private",
                        "local.cluster_name",
                        "local.common_tags",
                        "local.control_plane_subnet_ids",
                        "local.vpc_id"
                    ],
                    "primary": {
                        "id": "vpce-01d0c6d95133ca4bd",
                        "attributes": {
                            "cidr_blocks.#": "0",
                            "dns_entry.#": "7",
                            "dns_entry.0.dns_name": "vpce-01d0c6d95133ca4bd-7snpkhyo.ec2.us-east-1.vpce.amazonaws.com",
                            "dns_entry.0.hosted_zone_id": "Z7HUB22UULQXV",
                            "dns_entry.1.dns_name": "vpce-01d0c6d95133ca4bd-7snpkhyo-us-east-1c.ec2.us-east-1.vpce.amazonaws.com",
                            "dns_entry.1.hosted_zone_id": "Z7HUB22UULQXV",
                            "dns_entry.2.dns_name": "vpce-01d0c6d95133ca4bd-7snpkhyo-us-east-1d.ec2.us-east-1.vpce.amazonaws.com",
                            "dns_entry.2.hosted_zone_id": "Z7HUB22UULQXV",
                            "dns_entry.3.dns_name": "vpce-01d0c6d95133ca4bd-7snpkhyo-us-east-1f.ec2.us-east-1.vpce.amazonaws.com",
                            "dns_entry.3.hosted_zone_id": "Z7HUB22UULQXV",
                            "dns_entry.4.dns_name": "vpce-01d0c6d95133ca4bd-7snpkhyo-us-east-1b.ec2.us-east-1.vpce.amazonaws.com",
                            "dns_entry.4.hosted_zone_id": "Z7HUB22UULQXV",
                            "dns_entry.5.dns_name": "vpce-01d0c6d95133ca4bd-7snpkhyo-us-east-1a.ec2.us-east-1.vpce.amazonaws.com",
                            "dns_entry.5.hosted_zone_id": "Z7HUB22UULQXV",
                            "dns_entry.6.dns_name": "ec2.us-east-1.amazonaws.com",
                            "dns_entry.6.hosted_zone_id": "Z0950387GCW8R1Q2Q3YS",
                            "id": "vpce-01d0c6d95133ca4bd",
                            "network_interface_ids.#": "5",
                            "network_interface_ids.2523866289": "eni-058a3000067d857d3",
                            "network_interface_ids.2717918983": "eni-0be718c0ee4565b27",
                            "network_interface_ids.3960285338": "eni-04a3f6b02c25c9fae",
                            "network_interface_ids.4047189027": "eni-06f5d6e39dfcd1009",
                            "network_interface_ids.481568671": "eni-05f808fc2743044b7",
                            "owner_id": "398053451782",
                            "policy": "{\"Statement\":[{\"Action\":\"*\",\"Effect\":\"Allow\",\"Principal\":\"*\",\"Resource\":\"*\"}]}",
                            "private_dns_enabled": "true",
                            "requester_managed": "false",
                            "route_table_ids.#": "0",
                            "security_group_ids.#": "1",
                            "security_group_ids.2192947863": "sg-02be8edb2aa4e5ac8",
                            "service_name": "com.amazonaws.us-east-1.ec2",
                            "state": "available",
                            "subnet_ids.#": "5",
                            "subnet_ids.1113469324": "subnet-0841f1aab40543032",
                            "subnet_ids.1303018551": "subnet-0fa50272eaf71be75",
                            "subnet_ids.2329172583": "subnet-060f00581dafab067",
                            "subnet_ids.2652084952": "subnet-0125f64d5700d8b34",
                            "subnet_ids.3729892770": "subnet-0d8d7f01a2311e092",
                            "tags.%": "7",
                            "tags.Name": "d2iq-workshop-fa75-vpc-endpoint-ec2",
                            "tags.expiration": "8h",
                            "tags.konvoy/clusterName": "d2iq-workshop-fa75",
                            "tags.konvoy/version": "v1.4.0",
                            "tags.kubernetes.io/cluster": "d2iq-workshop-fa75",
                            "tags.kubernetes.io/cluster/d2iq-workshop-fa75": "owned",
                            "tags.owner": "StudentWorkshop",
                            "vpc_endpoint_type": "Interface",
                            "vpc_id": "vpc-02bc3ded61ec19930"
                        },
                        "meta": {
                            "e2bfb730-ecaa-11e6-8f88-34363bc7c4c0": {
                                "create": 600000000000,
                                "delete": 600000000000,
                                "update": 600000000000
                            }
                        },
                        "tainted": false
                    },
                    "deposed": [],
                    "provider": "provider.aws"
                },
                "aws_vpc_endpoint.elasticloadbalancing": {
                    "type": "aws_vpc_endpoint",
                    "depends_on": [
                        "aws_security_group.konvoy_private",
                        "local.cluster_name",
                        "local.common_tags",
                        "local.control_plane_subnet_ids",
                        "local.vpc_id"
                    ],
                    "primary": {
                        "id": "vpce-07ed0b8c27918c6c8",
                        "attributes": {
                            "cidr_blocks.#": "0",
                            "dns_entry.#": "7",
                            "dns_entry.0.dns_name": "vpce-07ed0b8c27918c6c8-w2gc0sy5.elasticloadbalancing.us-east-1.vpce.amazonaws.com",
                            "dns_entry.0.hosted_zone_id": "Z7HUB22UULQXV",
                            "dns_entry.1.dns_name": "vpce-07ed0b8c27918c6c8-w2gc0sy5-us-east-1c.elasticloadbalancing.us-east-1.vpce.amazonaws.com",
                            "dns_entry.1.hosted_zone_id": "Z7HUB22UULQXV",
                            "dns_entry.2.dns_name": "vpce-07ed0b8c27918c6c8-w2gc0sy5-us-east-1d.elasticloadbalancing.us-east-1.vpce.amazonaws.com",
                            "dns_entry.2.hosted_zone_id": "Z7HUB22UULQXV",
                            "dns_entry.3.dns_name": "vpce-07ed0b8c27918c6c8-w2gc0sy5-us-east-1f.elasticloadbalancing.us-east-1.vpce.amazonaws.com",
                            "dns_entry.3.hosted_zone_id": "Z7HUB22UULQXV",
                            "dns_entry.4.dns_name": "vpce-07ed0b8c27918c6c8-w2gc0sy5-us-east-1b.elasticloadbalancing.us-east-1.vpce.amazonaws.com",
                            "dns_entry.4.hosted_zone_id": "Z7HUB22UULQXV",
                            "dns_entry.5.dns_name": "vpce-07ed0b8c27918c6c8-w2gc0sy5-us-east-1a.elasticloadbalancing.us-east-1.vpce.amazonaws.com",
                            "dns_entry.5.hosted_zone_id": "Z7HUB22UULQXV",
                            "dns_entry.6.dns_name": "elasticloadbalancing.us-east-1.amazonaws.com",
                            "dns_entry.6.hosted_zone_id": "Z09914273QN8MAUIJRRH1",
                            "id": "vpce-07ed0b8c27918c6c8",
                            "network_interface_ids.#": "5",
                            "network_interface_ids.1675635811": "eni-0ede23559bf887aa1",
                            "network_interface_ids.3364875478": "eni-06d07ee0af908832a",
                            "network_interface_ids.4273046626": "eni-05886334766dc6880",
                            "network_interface_ids.705321512": "eni-0b33d5bd5d5bf9a41",
                            "network_interface_ids.745850475": "eni-0d30a62bfafef20be",
                            "owner_id": "398053451782",
                            "policy": "{\"Statement\":[{\"Action\":\"*\",\"Effect\":\"Allow\",\"Principal\":\"*\",\"Resource\":\"*\"}]}",
                            "private_dns_enabled": "true",
                            "requester_managed": "false",
                            "route_table_ids.#": "0",
                            "security_group_ids.#": "1",
                            "security_group_ids.2192947863": "sg-02be8edb2aa4e5ac8",
                            "service_name": "com.amazonaws.us-east-1.elasticloadbalancing",
                            "state": "available",
                            "subnet_ids.#": "5",
                            "subnet_ids.1113469324": "subnet-0841f1aab40543032",
                            "subnet_ids.1303018551": "subnet-0fa50272eaf71be75",
                            "subnet_ids.2329172583": "subnet-060f00581dafab067",
                            "subnet_ids.2652084952": "subnet-0125f64d5700d8b34",
                            "subnet_ids.3729892770": "subnet-0d8d7f01a2311e092",
                            "tags.%": "7",
                            "tags.Name": "d2iq-workshop-fa75-vpc-endpoint-elasticloadbalancing",
                            "tags.expiration": "8h",
                            "tags.konvoy/clusterName": "d2iq-workshop-fa75",
                            "tags.konvoy/version": "v1.4.0",
                            "tags.kubernetes.io/cluster": "d2iq-workshop-fa75",
                            "tags.kubernetes.io/cluster/d2iq-workshop-fa75": "owned",
                            "tags.owner": "StudentWorkshop",
                            "vpc_endpoint_type": "Interface",
                            "vpc_id": "vpc-02bc3ded61ec19930"
                        },
                        "meta": {
                            "e2bfb730-ecaa-11e6-8f88-34363bc7c4c0": {
                                "create": 600000000000,
                                "delete": 600000000000,
                                "update": 600000000000
                            }
                        },
                        "tainted": false
                    },
                    "deposed": [],
                    "provider": "provider.aws"
                },
                "data.aws_availability_zones.available": {
                    "type": "aws_availability_zones",
                    "depends_on": [],
                    "primary": {
                        "id": "2020-07-08 03:19:20.94402772 +0000 UTC",
                        "attributes": {
                            "id": "2020-07-08 03:19:20.94402772 +0000 UTC",
                            "names.#": "6",
                            "names.0": "us-east-1a",
                            "names.1": "us-east-1b",
                            "names.2": "us-east-1c",
                            "names.3": "us-east-1d",
                            "names.4": "us-east-1e",
                            "names.5": "us-east-1f",
                            "zone_ids.#": "6",
                            "zone_ids.0": "use1-az6",
                            "zone_ids.1": "use1-az1",
                            "zone_ids.2": "use1-az2",
                            "zone_ids.3": "use1-az4",
                            "zone_ids.4": "use1-az3",
                            "zone_ids.5": "use1-az5"
                        },
                        "meta": {},
                        "tainted": false
                    },
                    "deposed": [],
                    "provider": "provider.aws"
                },
                "data.aws_region.current": {
                    "type": "aws_region",
                    "depends_on": [],
                    "primary": {
                        "id": "us-east-1",
                        "attributes": {
                            "description": "US East (N. Virginia)",
                            "endpoint": "ec2.us-east-1.amazonaws.com",
                            "id": "us-east-1",
                            "name": "us-east-1"
                        },
                        "meta": {},
                        "tainted": false
                    },
                    "deposed": [],
                    "provider": "provider.aws"
                },
                "local_file.ansible_inventory": {
                    "type": "local_file",
                    "depends_on": [
                        "aws_elb.konvoy_control_plane.*",
                        "aws_instance.bastion.*",
                        "aws_instance.control_plane",
                        "aws_instance.control_plane.*",
                        "aws_instance.worker_pool0",
                        "aws_instance.worker_pool0.*",
                        "aws_instance.worker_pool1",
                        "aws_instance.worker_pool1.*",
                        "aws_instance.worker_pool2",
                        "aws_instance.worker_pool2.*",
                        "aws_instance.worker_pool3",
                        "aws_instance.worker_pool3.*",
                        "aws_instance.worker_pool4",
                        "aws_instance.worker_pool4.*",
                        "aws_instance.worker_pool5",
                        "aws_instance.worker_pool5.*",
                        "aws_instance.worker_pool6",
                        "aws_instance.worker_pool6.*",
                        "aws_instance.worker_pool7",
                        "aws_instance.worker_pool7.*",
                        "aws_instance.worker_pool8",
                        "aws_instance.worker_pool8.*",
                        "aws_instance.worker_pool9",
                        "aws_instance.worker_pool9.*",
                        "local.bastion_hosts_format",
                        "local.bastion_vars_format",
                        "local.inventory_control_plane_format",
                        "local.inventory_control_plane_format_with_ansible_host",
                        "local.inventory_format",
                        "local.inventory_format_with_ansible_host"
                    ],
                    "primary": {
                        "id": "8b9728c03664ddd2d81847bb9629d8bb40ee189a",
                        "attributes": {
                            "content": "all:\n  vars:\n    version: \"v1beta1\"\n    order: sorted\n    control_plane_endpoint: \"d2iq-workshop-fa75-lb-control-1759962681.us-east-1.elb.amazonaws.com:6443\"\n    ansible_user: \"centos\"\n    ansible_port: 22\n    ansible_ssh_private_key_file: \"/tmp/konvoy/lab/d2iq-workshop-ssh.pem\"\n\ncontrol-plane:\n  hosts:\n    10.0.193.240:\n      ansible_host: ec2-54-225-60-39.compute-1.amazonaws.com\n      node_pool: control-plane\n    10.0.198.182:\n      ansible_host: ec2-34-234-223-36.compute-1.amazonaws.com\n      node_pool: control-plane\n    10.0.202.203:\n      ansible_host: ec2-3-88-203-216.compute-1.amazonaws.com\n      node_pool: control-plane\n\nnode:\n  hosts:\n    10.0.128.115:\n      ansible_host: ec2-54-211-252-149.compute-1.amazonaws.com\n      node_pool: worker\n    10.0.134.193:\n      ansible_host: ec2-35-170-66-220.compute-1.amazonaws.com\n      node_pool: worker\n    10.0.136.223:\n      ansible_host: ec2-3-84-2-141.compute-1.amazonaws.com\n      node_pool: worker\n    10.0.142.250:\n      ansible_host: ec2-3-88-212-5.compute-1.amazonaws.com\n      node_pool: worker\n\nbastion:\n\n\n",
                            "directory_permission": "0777",
                            "file_permission": "0777",
                            "filename": "/tmp/konvoy/lab/inventory.yaml",
                            "id": "8b9728c03664ddd2d81847bb9629d8bb40ee189a"
                        },
                        "meta": {},
                        "tainted": false
                    },
                    "deposed": [],
                    "provider": "provider.local"
                },
                "random_id.id": {
                    "type": "random_id",
                    "depends_on": [],
                    "primary": {
                        "id": "-nU",
                        "attributes": {
                            "b64": "-nU",
                            "b64_std": "+nU=",
                            "b64_url": "-nU",
                            "byte_length": "2",
                            "dec": "64117",
                            "hex": "fa75",
                            "id": "-nU"
                        },
                        "meta": {},
                        "tainted": false
                    },
                    "deposed": [],
                    "provider": "provider.random"
                }
            },
            "depends_on": []
        }
    ]
}
